// !$*UTF8*$!
{
	archiveVersion = 1;
	classes = {
	};
	objectVersion = 56;
	objects = {

/* Begin PBXBuildFile section */
		0C1D67052A5DC21400EAAD30 /* ChineseWordOfTheDayApp.swift in Sources */ = {isa = PBXBuildFile; fileRef = 0C1D67042A5DC21400EAAD30 /* ChineseWordOfTheDayApp.swift */; };
		0C1D67072A5DC21400EAAD30 /* ContentView.swift in Sources */ = {isa = PBXBuildFile; fileRef = 0C1D67062A5DC21400EAAD30 /* ContentView.swift */; };
		0C1D67092A5DC21500EAAD30 /* Assets.xcassets in Resources */ = {isa = PBXBuildFile; fileRef = 0C1D67082A5DC21500EAAD30 /* Assets.xcassets */; };
		0C1D670C2A5DC21500EAAD30 /* Preview Assets.xcassets in Resources */ = {isa = PBXBuildFile; fileRef = 0C1D670B2A5DC21500EAAD30 /* Preview Assets.xcassets */; };
		0C22FF202AEDDA6B00913EC3 /* WordModel.sqlite in Resources */ = {isa = PBXBuildFile; fileRef = 0C22FF1F2AEDDA6B00913EC3 /* WordModel.sqlite */; };
		0C22FF242AEDDE7900913EC3 /* CurrentWordViewModel.swift in Sources */ = {isa = PBXBuildFile; fileRef = 0C22FF232AEDDE7900913EC3 /* CurrentWordViewModel.swift */; };
		0C4858BF2A7192BE00AF96C2 /* Persistence.swift in Sources */ = {isa = PBXBuildFile; fileRef = 0C4858BE2A7192BE00AF96C2 /* Persistence.swift */; };
		0C4858C62A71992100AF96C2 /* GeometryReaderCentered.swift in Sources */ = {isa = PBXBuildFile; fileRef = 0C4858C52A71992100AF96C2 /* GeometryReaderCentered.swift */; };
		0C4858C82A71992E00AF96C2 /* WordView.swift in Sources */ = {isa = PBXBuildFile; fileRef = 0C4858C72A71992E00AF96C2 /* WordView.swift */; };
		0C778DDF2A5F20DB007D2A8F /* main.swift in Sources */ = {isa = PBXBuildFile; fileRef = 0C778DDE2A5F20DB007D2A8F /* main.swift */; };
		0C778DE32A5F20FC007D2A8F /* DataStoreBuilder.framework in Frameworks */ = {isa = PBXBuildFile; fileRef = 0CD09E302A5DC7E1005C97F1 /* DataStoreBuilder.framework */; };
		0C778DE42A5F20FC007D2A8F /* DataStoreBuilder.framework in Embed Frameworks */ = {isa = PBXBuildFile; fileRef = 0CD09E302A5DC7E1005C97F1 /* DataStoreBuilder.framework */; settings = {ATTRIBUTES = (CodeSignOnCopy, RemoveHeadersOnCopy, ); }; };
		0C778DED2A61A78D007D2A8F /* WordModel.xcdatamodeld in Sources */ = {isa = PBXBuildFile; fileRef = 0C1D67132A5DC33A00EAAD30 /* WordModel.xcdatamodeld */; };
		0C778DEE2A61A78E007D2A8F /* WordModel.xcdatamodeld in Sources */ = {isa = PBXBuildFile; fileRef = 0C1D67132A5DC33A00EAAD30 /* WordModel.xcdatamodeld */; };
		0C7E2DB42B3285340005224E /* LearnStatus.swift in Sources */ = {isa = PBXBuildFile; fileRef = 0CB6B3362B28DC850008DC54 /* LearnStatus.swift */; };
		0C7E2DBB2B40A3DE0005224E /* Persistence+History.swift in Sources */ = {isa = PBXBuildFile; fileRef = 0C7E2DBA2B40A3DE0005224E /* Persistence+History.swift */; };
		0C7E2DBD2B40AAA10005224E /* Persistence+De-Duplication.swift in Sources */ = {isa = PBXBuildFile; fileRef = 0C7E2DBC2B40AAA10005224E /* Persistence+De-Duplication.swift */; };
		0CB6B3372B28DC850008DC54 /* LearnStatus.swift in Sources */ = {isa = PBXBuildFile; fileRef = 0CB6B3362B28DC850008DC54 /* LearnStatus.swift */; };
		0CB6B3392B2B7AFE0008DC54 /* Constants.swift in Sources */ = {isa = PBXBuildFile; fileRef = 0C778DD42A5F188C007D2A8F /* Constants.swift */; };
		0CB6B33A2B2B7B020008DC54 /* Constants.swift in Sources */ = {isa = PBXBuildFile; fileRef = 0C778DD42A5F188C007D2A8F /* Constants.swift */; };
		0CB6B33B2B2B7B110008DC54 /* WordModel.xcdatamodeld in Sources */ = {isa = PBXBuildFile; fileRef = 0C1D67132A5DC33A00EAAD30 /* WordModel.xcdatamodeld */; };
		0CB6B33C2B2B7B190008DC54 /* WordModel.xcdatamodeld in Sources */ = {isa = PBXBuildFile; fileRef = 0C1D67132A5DC33A00EAAD30 /* WordModel.xcdatamodeld */; };
		0CB6B33D2B2B7B190008DC54 /* WordModel.xcdatamodeld in Sources */ = {isa = PBXBuildFile; fileRef = 0C1D67132A5DC33A00EAAD30 /* WordModel.xcdatamodeld */; };
		0CB6B33E2B2B7B1F0008DC54 /* WordStatus+CoreDataClass.swift in Sources */ = {isa = PBXBuildFile; fileRef = 0CCB25382B278E9F001FAF94 /* WordStatus+CoreDataClass.swift */; };
		0CB6B33F2B2B7B1F0008DC54 /* WordStatus+CoreDataClass.swift in Sources */ = {isa = PBXBuildFile; fileRef = 0CCB25382B278E9F001FAF94 /* WordStatus+CoreDataClass.swift */; };
		0CB6B3402B2B7B200008DC54 /* WordStatus+CoreDataClass.swift in Sources */ = {isa = PBXBuildFile; fileRef = 0CCB25382B278E9F001FAF94 /* WordStatus+CoreDataClass.swift */; };
		0CB6B3412B2B7B200008DC54 /* WordStatus+CoreDataClass.swift in Sources */ = {isa = PBXBuildFile; fileRef = 0CCB25382B278E9F001FAF94 /* WordStatus+CoreDataClass.swift */; };
		0CB6B3462B2B7B330008DC54 /* Word+CoreDataClass.swift in Sources */ = {isa = PBXBuildFile; fileRef = 0C7C3F852A70519C00AE2E50 /* Word+CoreDataClass.swift */; };
		0CB6B3472B2B7B330008DC54 /* Word+CoreDataClass.swift in Sources */ = {isa = PBXBuildFile; fileRef = 0C7C3F852A70519C00AE2E50 /* Word+CoreDataClass.swift */; };
		0CB6B3482B2B7B340008DC54 /* Word+CoreDataClass.swift in Sources */ = {isa = PBXBuildFile; fileRef = 0C7C3F852A70519C00AE2E50 /* Word+CoreDataClass.swift */; };
		0CB6B3492B2B7B340008DC54 /* Word+CoreDataClass.swift in Sources */ = {isa = PBXBuildFile; fileRef = 0C7C3F852A70519C00AE2E50 /* Word+CoreDataClass.swift */; };
		0CB6B34A2B2B7B380008DC54 /* Word+CoreDataProperties.swift in Sources */ = {isa = PBXBuildFile; fileRef = 0C7C3F862A70519C00AE2E50 /* Word+CoreDataProperties.swift */; };
		0CB6B34B2B2B7B380008DC54 /* Word+CoreDataProperties.swift in Sources */ = {isa = PBXBuildFile; fileRef = 0C7C3F862A70519C00AE2E50 /* Word+CoreDataProperties.swift */; };
		0CB6B34C2B2B7B390008DC54 /* Word+CoreDataProperties.swift in Sources */ = {isa = PBXBuildFile; fileRef = 0C7C3F862A70519C00AE2E50 /* Word+CoreDataProperties.swift */; };
		0CB6B34D2B2B7B390008DC54 /* Word+CoreDataProperties.swift in Sources */ = {isa = PBXBuildFile; fileRef = 0C7C3F862A70519C00AE2E50 /* Word+CoreDataProperties.swift */; };
		0CB6B34E2B2B7B3C0008DC54 /* Constants.swift in Sources */ = {isa = PBXBuildFile; fileRef = 0C778DD42A5F188C007D2A8F /* Constants.swift */; };
		0CB6B34F2B2B7B3D0008DC54 /* Constants.swift in Sources */ = {isa = PBXBuildFile; fileRef = 0C778DD42A5F188C007D2A8F /* Constants.swift */; };
		0CB6B3512B2B84220008DC54 /* DevelopmentFunctions.swift in Sources */ = {isa = PBXBuildFile; fileRef = 0CB6B3502B2B84220008DC54 /* DevelopmentFunctions.swift */; };
		0CCB25372B1FB4DD001FAF94 /* CloudKitNotification.swift in Sources */ = {isa = PBXBuildFile; fileRef = 0CCB25362B1FB4DD001FAF94 /* CloudKitNotification.swift */; };
		0CCB253D2B279053001FAF94 /* WordStatus+CoreDataClass.swift in Sources */ = {isa = PBXBuildFile; fileRef = 0CCB25382B278E9F001FAF94 /* WordStatus+CoreDataClass.swift */; };
		0CCB253E2B279056001FAF94 /* WordStatus+CoreDataProperties.swift in Sources */ = {isa = PBXBuildFile; fileRef = 0CCB25392B278E9F001FAF94 /* WordStatus+CoreDataProperties.swift */; };
		0CCB253F2B279058001FAF94 /* Word+CoreDataClass.swift in Sources */ = {isa = PBXBuildFile; fileRef = 0C7C3F852A70519C00AE2E50 /* Word+CoreDataClass.swift */; };
		0CCB25402B27905B001FAF94 /* Word+CoreDataProperties.swift in Sources */ = {isa = PBXBuildFile; fileRef = 0C7C3F862A70519C00AE2E50 /* Word+CoreDataProperties.swift */; };
		0CCB25412B27905F001FAF94 /* Constants.swift in Sources */ = {isa = PBXBuildFile; fileRef = 0C778DD42A5F188C007D2A8F /* Constants.swift */; };
		0CD09E382A5DC7E1005C97F1 /* DataStoreBuilder.framework in Frameworks */ = {isa = PBXBuildFile; fileRef = 0CD09E302A5DC7E1005C97F1 /* DataStoreBuilder.framework */; };
		0CD09E3F2A5DC7E1005C97F1 /* DataStoreBuilderTests.swift in Sources */ = {isa = PBXBuildFile; fileRef = 0CD09E3E2A5DC7E1005C97F1 /* DataStoreBuilderTests.swift */; };
		0CD09E402A5DC7E1005C97F1 /* DataStoreBuilder.h in Headers */ = {isa = PBXBuildFile; fileRef = 0CD09E322A5DC7E1005C97F1 /* DataStoreBuilder.h */; settings = {ATTRIBUTES = (Public, ); }; };
		0CD09E4D2A5DC7FB005C97F1 /* DataStoreBuilder.swift in Sources */ = {isa = PBXBuildFile; fileRef = 0CD09E4C2A5DC7FB005C97F1 /* DataStoreBuilder.swift */; };
		0CD09E652A5DCB3A005C97F1 /* WordFrameworkTests.swift in Sources */ = {isa = PBXBuildFile; fileRef = 0CD09E642A5DCB3A005C97F1 /* WordFrameworkTests.swift */; };
		0CF1DF9B2ACB313D0093519B /* output.json in Resources */ = {isa = PBXBuildFile; fileRef = 0CF1DF9A2ACB313D0093519B /* output.json */; };
/* End PBXBuildFile section */

/* Begin PBXContainerItemProxy section */
		0C778DE52A5F20FC007D2A8F /* PBXContainerItemProxy */ = {
			isa = PBXContainerItemProxy;
			containerPortal = 0C1D66F92A5DC21300EAAD30 /* Project object */;
			proxyType = 1;
			remoteGlobalIDString = 0CD09E2F2A5DC7E1005C97F1;
			remoteInfo = DataStoreBuilder;
		};
		0CD09E392A5DC7E1005C97F1 /* PBXContainerItemProxy */ = {
			isa = PBXContainerItemProxy;
			containerPortal = 0C1D66F92A5DC21300EAAD30 /* Project object */;
			proxyType = 1;
			remoteGlobalIDString = 0CD09E2F2A5DC7E1005C97F1;
			remoteInfo = DataStoreBuilder;
		};
		0CD09E3B2A5DC7E1005C97F1 /* PBXContainerItemProxy */ = {
			isa = PBXContainerItemProxy;
			containerPortal = 0C1D66F92A5DC21300EAAD30 /* Project object */;
			proxyType = 1;
			remoteGlobalIDString = 0C1D67002A5DC21400EAAD30;
			remoteInfo = ChineseWordOfTheDay;
		};
		0CD09E612A5DCB3A005C97F1 /* PBXContainerItemProxy */ = {
			isa = PBXContainerItemProxy;
			containerPortal = 0C1D66F92A5DC21300EAAD30 /* Project object */;
			proxyType = 1;
			remoteGlobalIDString = 0C1D67002A5DC21400EAAD30;
			remoteInfo = ChineseWordOfTheDay;
		};
/* End PBXContainerItemProxy section */

/* Begin PBXCopyFilesBuildPhase section */
		0C778DDA2A5F20DB007D2A8F /* CopyFiles */ = {
			isa = PBXCopyFilesBuildPhase;
			buildActionMask = 2147483647;
			dstPath = /usr/share/man/man1/;
			dstSubfolderSpec = 0;
			files = (
			);
			runOnlyForDeploymentPostprocessing = 1;
		};
		0C778DE72A5F20FC007D2A8F /* Embed Frameworks */ = {
			isa = PBXCopyFilesBuildPhase;
			buildActionMask = 2147483647;
			dstPath = "";
			dstSubfolderSpec = 10;
			files = (
				0C778DE42A5F20FC007D2A8F /* DataStoreBuilder.framework in Embed Frameworks */,
			);
			name = "Embed Frameworks";
			runOnlyForDeploymentPostprocessing = 0;
		};
		0CD09E482A5DC7E1005C97F1 /* Embed Frameworks */ = {
			isa = PBXCopyFilesBuildPhase;
			buildActionMask = 2147483647;
			dstPath = "";
			dstSubfolderSpec = 10;
			files = (
			);
			name = "Embed Frameworks";
			runOnlyForDeploymentPostprocessing = 0;
		};
		0CD09E772A5DCC5A005C97F1 /* Embed Frameworks */ = {
			isa = PBXCopyFilesBuildPhase;
			buildActionMask = 2147483647;
			dstPath = "";
			dstSubfolderSpec = 10;
			files = (
			);
			name = "Embed Frameworks";
			runOnlyForDeploymentPostprocessing = 0;
		};
/* End PBXCopyFilesBuildPhase section */

/* Begin PBXFileReference section */
		0C1D67012A5DC21400EAAD30 /* ChineseWordOfTheDay.app */ = {isa = PBXFileReference; explicitFileType = wrapper.application; includeInIndex = 0; path = ChineseWordOfTheDay.app; sourceTree = BUILT_PRODUCTS_DIR; };
		0C1D67042A5DC21400EAAD30 /* ChineseWordOfTheDayApp.swift */ = {isa = PBXFileReference; lastKnownFileType = sourcecode.swift; path = ChineseWordOfTheDayApp.swift; sourceTree = "<group>"; };
		0C1D67062A5DC21400EAAD30 /* ContentView.swift */ = {isa = PBXFileReference; lastKnownFileType = sourcecode.swift; path = ContentView.swift; sourceTree = "<group>"; };
		0C1D67082A5DC21500EAAD30 /* Assets.xcassets */ = {isa = PBXFileReference; lastKnownFileType = folder.assetcatalog; path = Assets.xcassets; sourceTree = "<group>"; };
		0C1D670B2A5DC21500EAAD30 /* Preview Assets.xcassets */ = {isa = PBXFileReference; lastKnownFileType = folder.assetcatalog; path = "Preview Assets.xcassets"; sourceTree = "<group>"; };
		0C1D67142A5DC33A00EAAD30 /* WordModel.xcdatamodel */ = {isa = PBXFileReference; lastKnownFileType = wrapper.xcdatamodel; path = WordModel.xcdatamodel; sourceTree = "<group>"; };
		0C22FF1F2AEDDA6B00913EC3 /* WordModel.sqlite */ = {isa = PBXFileReference; lastKnownFileType = file; path = WordModel.sqlite; sourceTree = "<group>"; };
		0C22FF232AEDDE7900913EC3 /* CurrentWordViewModel.swift */ = {isa = PBXFileReference; lastKnownFileType = sourcecode.swift; path = CurrentWordViewModel.swift; sourceTree = "<group>"; };
		0C4858BE2A7192BE00AF96C2 /* Persistence.swift */ = {isa = PBXFileReference; fileEncoding = 4; lastKnownFileType = sourcecode.swift; path = Persistence.swift; sourceTree = "<group>"; };
		0C4858C52A71992100AF96C2 /* GeometryReaderCentered.swift */ = {isa = PBXFileReference; fileEncoding = 4; lastKnownFileType = sourcecode.swift; path = GeometryReaderCentered.swift; sourceTree = "<group>"; };
		0C4858C72A71992E00AF96C2 /* WordView.swift */ = {isa = PBXFileReference; fileEncoding = 4; lastKnownFileType = sourcecode.swift; path = WordView.swift; sourceTree = "<group>"; };
		0C778DD42A5F188C007D2A8F /* Constants.swift */ = {isa = PBXFileReference; lastKnownFileType = sourcecode.swift; path = Constants.swift; sourceTree = "<group>"; };
		0C778DDC2A5F20DB007D2A8F /* StoreBuilderMain */ = {isa = PBXFileReference; explicitFileType = "compiled.mach-o.executable"; includeInIndex = 0; path = StoreBuilderMain; sourceTree = BUILT_PRODUCTS_DIR; };
		0C778DDE2A5F20DB007D2A8F /* main.swift */ = {isa = PBXFileReference; lastKnownFileType = sourcecode.swift; path = main.swift; sourceTree = "<group>"; };
		0C7C3F852A70519C00AE2E50 /* Word+CoreDataClass.swift */ = {isa = PBXFileReference; lastKnownFileType = sourcecode.swift; path = "Word+CoreDataClass.swift"; sourceTree = "<group>"; };
		0C7C3F862A70519C00AE2E50 /* Word+CoreDataProperties.swift */ = {isa = PBXFileReference; lastKnownFileType = sourcecode.swift; path = "Word+CoreDataProperties.swift"; sourceTree = "<group>"; };
		0C7E2DB32B3283690005224E /* ChineseWordOfTheDay.xctestplan */ = {isa = PBXFileReference; lastKnownFileType = text; path = ChineseWordOfTheDay.xctestplan; sourceTree = "<group>"; };
		0C7E2DBA2B40A3DE0005224E /* Persistence+History.swift */ = {isa = PBXFileReference; lastKnownFileType = sourcecode.swift; path = "Persistence+History.swift"; sourceTree = "<group>"; };
		0C7E2DBC2B40AAA10005224E /* Persistence+De-Duplication.swift */ = {isa = PBXFileReference; lastKnownFileType = sourcecode.swift; path = "Persistence+De-Duplication.swift"; sourceTree = "<group>"; };
		0CB6B3362B28DC850008DC54 /* LearnStatus.swift */ = {isa = PBXFileReference; lastKnownFileType = sourcecode.swift; path = LearnStatus.swift; sourceTree = "<group>"; };
		0CB6B3502B2B84220008DC54 /* DevelopmentFunctions.swift */ = {isa = PBXFileReference; lastKnownFileType = sourcecode.swift; path = DevelopmentFunctions.swift; sourceTree = "<group>"; };
		0CCB25362B1FB4DD001FAF94 /* CloudKitNotification.swift */ = {isa = PBXFileReference; lastKnownFileType = sourcecode.swift; path = CloudKitNotification.swift; sourceTree = "<group>"; };
		0CCB25382B278E9F001FAF94 /* WordStatus+CoreDataClass.swift */ = {isa = PBXFileReference; lastKnownFileType = sourcecode.swift; path = "WordStatus+CoreDataClass.swift"; sourceTree = "<group>"; };
		0CCB25392B278E9F001FAF94 /* WordStatus+CoreDataProperties.swift */ = {isa = PBXFileReference; lastKnownFileType = sourcecode.swift; path = "WordStatus+CoreDataProperties.swift"; sourceTree = "<group>"; };
		0CD09E302A5DC7E1005C97F1 /* DataStoreBuilder.framework */ = {isa = PBXFileReference; explicitFileType = wrapper.framework; includeInIndex = 0; path = DataStoreBuilder.framework; sourceTree = BUILT_PRODUCTS_DIR; };
		0CD09E322A5DC7E1005C97F1 /* DataStoreBuilder.h */ = {isa = PBXFileReference; lastKnownFileType = sourcecode.c.h; path = DataStoreBuilder.h; sourceTree = "<group>"; };
		0CD09E372A5DC7E1005C97F1 /* DataStoreBuilderTests.xctest */ = {isa = PBXFileReference; explicitFileType = wrapper.cfbundle; includeInIndex = 0; path = DataStoreBuilderTests.xctest; sourceTree = BUILT_PRODUCTS_DIR; };
		0CD09E3E2A5DC7E1005C97F1 /* DataStoreBuilderTests.swift */ = {isa = PBXFileReference; lastKnownFileType = sourcecode.swift; path = DataStoreBuilderTests.swift; sourceTree = "<group>"; };
		0CD09E4C2A5DC7FB005C97F1 /* DataStoreBuilder.swift */ = {isa = PBXFileReference; lastKnownFileType = sourcecode.swift; path = DataStoreBuilder.swift; sourceTree = "<group>"; };
		0CD09E5D2A5DCB3A005C97F1 /* WordFrameworkTests.xctest */ = {isa = PBXFileReference; explicitFileType = wrapper.cfbundle; includeInIndex = 0; path = WordFrameworkTests.xctest; sourceTree = BUILT_PRODUCTS_DIR; };
		0CD09E642A5DCB3A005C97F1 /* WordFrameworkTests.swift */ = {isa = PBXFileReference; lastKnownFileType = sourcecode.swift; path = WordFrameworkTests.swift; sourceTree = "<group>"; };
		0CEBE9C22B17BF5400650626 /* ChineseWordOfTheDay.entitlements */ = {isa = PBXFileReference; lastKnownFileType = text.plist.entitlements; path = ChineseWordOfTheDay.entitlements; sourceTree = "<group>"; };
		0CEBE9C32B17C21500650626 /* Info.plist */ = {isa = PBXFileReference; lastKnownFileType = text.plist.xml; path = Info.plist; sourceTree = "<group>"; };
		0CF1DF9A2ACB313D0093519B /* output.json */ = {isa = PBXFileReference; fileEncoding = 4; lastKnownFileType = text.json; path = output.json; sourceTree = "<group>"; };
/* End PBXFileReference section */

/* Begin PBXFrameworksBuildPhase section */
		0C1D66FE2A5DC21400EAAD30 /* Frameworks */ = {
			isa = PBXFrameworksBuildPhase;
			buildActionMask = 2147483647;
			files = (
			);
			runOnlyForDeploymentPostprocessing = 0;
		};
		0C778DD92A5F20DB007D2A8F /* Frameworks */ = {
			isa = PBXFrameworksBuildPhase;
			buildActionMask = 2147483647;
			files = (
				0C778DE32A5F20FC007D2A8F /* DataStoreBuilder.framework in Frameworks */,
			);
			runOnlyForDeploymentPostprocessing = 0;
		};
		0CD09E2D2A5DC7E1005C97F1 /* Frameworks */ = {
			isa = PBXFrameworksBuildPhase;
			buildActionMask = 2147483647;
			files = (
			);
			runOnlyForDeploymentPostprocessing = 0;
		};
		0CD09E342A5DC7E1005C97F1 /* Frameworks */ = {
			isa = PBXFrameworksBuildPhase;
			buildActionMask = 2147483647;
			files = (
				0CD09E382A5DC7E1005C97F1 /* DataStoreBuilder.framework in Frameworks */,
			);
			runOnlyForDeploymentPostprocessing = 0;
		};
		0CD09E5A2A5DCB3A005C97F1 /* Frameworks */ = {
			isa = PBXFrameworksBuildPhase;
			buildActionMask = 2147483647;
			files = (
			);
			runOnlyForDeploymentPostprocessing = 0;
		};
/* End PBXFrameworksBuildPhase section */

/* Begin PBXGroup section */
		0C1D66F82A5DC21300EAAD30 = {
			isa = PBXGroup;
			children = (
				0C7E2DB32B3283690005224E /* ChineseWordOfTheDay.xctestplan */,
				0C1D67032A5DC21400EAAD30 /* ChineseWordOfTheDay */,
				0CD09E312A5DC7E1005C97F1 /* DataStoreBuilder */,
				0CD09E3D2A5DC7E1005C97F1 /* DataStoreBuilderTests */,
				0CD09E632A5DCB3A005C97F1 /* WordFrameworkTests */,
				0C778DDD2A5F20DB007D2A8F /* StoreBuilderMain */,
				0C1D67022A5DC21400EAAD30 /* Products */,
				0CD09E722A5DCC5A005C97F1 /* Frameworks */,
			);
			sourceTree = "<group>";
		};
		0C1D67022A5DC21400EAAD30 /* Products */ = {
			isa = PBXGroup;
			children = (
				0C1D67012A5DC21400EAAD30 /* ChineseWordOfTheDay.app */,
				0CD09E302A5DC7E1005C97F1 /* DataStoreBuilder.framework */,
				0CD09E372A5DC7E1005C97F1 /* DataStoreBuilderTests.xctest */,
				0CD09E5D2A5DCB3A005C97F1 /* WordFrameworkTests.xctest */,
				0C778DDC2A5F20DB007D2A8F /* StoreBuilderMain */,
			);
			name = Products;
			sourceTree = "<group>";
		};
		0C1D67032A5DC21400EAAD30 /* ChineseWordOfTheDay */ = {
			isa = PBXGroup;
			children = (
				0CEBE9C32B17C21500650626 /* Info.plist */,
				0CEBE9C22B17BF5400650626 /* ChineseWordOfTheDay.entitlements */,
				0CD09E572A5DCB39005C97F1 /* WordFramework */,
				0C22FF472AF56FDD00913EC3 /* Views */,
				0CB6B3732B2BCE060008DC54 /* Everything Else */,
				0CEEEE642A70571400262651 /* Resources */,
				0C1D67082A5DC21500EAAD30 /* Assets.xcassets */,
				0C1D670A2A5DC21500EAAD30 /* Preview Content */,
			);
			path = ChineseWordOfTheDay;
			sourceTree = "<group>";
		};
		0C1D670A2A5DC21500EAAD30 /* Preview Content */ = {
			isa = PBXGroup;
			children = (
				0C1D670B2A5DC21500EAAD30 /* Preview Assets.xcassets */,
			);
			path = "Preview Content";
			sourceTree = "<group>";
		};
		0C22FF472AF56FDD00913EC3 /* Views */ = {
			isa = PBXGroup;
			children = (
				0C1D67042A5DC21400EAAD30 /* ChineseWordOfTheDayApp.swift */,
				0C1D67062A5DC21400EAAD30 /* ContentView.swift */,
				0C4858C52A71992100AF96C2 /* GeometryReaderCentered.swift */,
				0C4858C72A71992E00AF96C2 /* WordView.swift */,
			);
			path = Views;
			sourceTree = "<group>";
		};
		0C778DDD2A5F20DB007D2A8F /* StoreBuilderMain */ = {
			isa = PBXGroup;
			children = (
				0C778DDE2A5F20DB007D2A8F /* main.swift */,
			);
			path = StoreBuilderMain;
			sourceTree = "<group>";
		};
		0CB6B3732B2BCE060008DC54 /* Everything Else */ = {
			isa = PBXGroup;
			children = (
				0CB6B3502B2B84220008DC54 /* DevelopmentFunctions.swift */,
				0CCB25362B1FB4DD001FAF94 /* CloudKitNotification.swift */,
				0C4858BE2A7192BE00AF96C2 /* Persistence.swift */,
				0C7E2DBA2B40A3DE0005224E /* Persistence+History.swift */,
				0C7E2DBC2B40AAA10005224E /* Persistence+De-Duplication.swift */,
				0C22FF232AEDDE7900913EC3 /* CurrentWordViewModel.swift */,
			);
			path = "Everything Else";
			sourceTree = "<group>";
		};
		0CD09E312A5DC7E1005C97F1 /* DataStoreBuilder */ = {
			isa = PBXGroup;
			children = (
				0CF1DF9A2ACB313D0093519B /* output.json */,
				0CD09E322A5DC7E1005C97F1 /* DataStoreBuilder.h */,
				0CD09E4C2A5DC7FB005C97F1 /* DataStoreBuilder.swift */,
			);
			path = DataStoreBuilder;
			sourceTree = "<group>";
		};
		0CD09E3D2A5DC7E1005C97F1 /* DataStoreBuilderTests */ = {
			isa = PBXGroup;
			children = (
				0CD09E3E2A5DC7E1005C97F1 /* DataStoreBuilderTests.swift */,
			);
			path = DataStoreBuilderTests;
			sourceTree = "<group>";
		};
		0CD09E572A5DCB39005C97F1 /* WordFramework */ = {
			isa = PBXGroup;
			children = (
				0C1D67132A5DC33A00EAAD30 /* WordModel.xcdatamodeld */,
				0CCB25382B278E9F001FAF94 /* WordStatus+CoreDataClass.swift */,
				0CCB25392B278E9F001FAF94 /* WordStatus+CoreDataProperties.swift */,
				0C7C3F852A70519C00AE2E50 /* Word+CoreDataClass.swift */,
				0C7C3F862A70519C00AE2E50 /* Word+CoreDataProperties.swift */,
				0C778DD42A5F188C007D2A8F /* Constants.swift */,
				0CB6B3362B28DC850008DC54 /* LearnStatus.swift */,
			);
			path = WordFramework;
			sourceTree = "<group>";
		};
		0CD09E632A5DCB3A005C97F1 /* WordFrameworkTests */ = {
			isa = PBXGroup;
			children = (
				0CD09E642A5DCB3A005C97F1 /* WordFrameworkTests.swift */,
			);
			path = WordFrameworkTests;
			sourceTree = "<group>";
		};
		0CD09E722A5DCC5A005C97F1 /* Frameworks */ = {
			isa = PBXGroup;
			children = (
			);
			name = Frameworks;
			sourceTree = "<group>";
		};
		0CEEEE642A70571400262651 /* Resources */ = {
			isa = PBXGroup;
			children = (
				0C22FF1F2AEDDA6B00913EC3 /* WordModel.sqlite */,
			);
			path = Resources;
			sourceTree = "<group>";
		};
/* End PBXGroup section */

/* Begin PBXHeadersBuildPhase section */
		0CD09E2B2A5DC7E1005C97F1 /* Headers */ = {
			isa = PBXHeadersBuildPhase;
			buildActionMask = 2147483647;
			files = (
				0CD09E402A5DC7E1005C97F1 /* DataStoreBuilder.h in Headers */,
			);
			runOnlyForDeploymentPostprocessing = 0;
		};
/* End PBXHeadersBuildPhase section */

/* Begin PBXNativeTarget section */
		0C1D67002A5DC21400EAAD30 /* ChineseWordOfTheDay */ = {
			isa = PBXNativeTarget;
			buildConfigurationList = 0C1D670F2A5DC21500EAAD30 /* Build configuration list for PBXNativeTarget "ChineseWordOfTheDay" */;
			buildPhases = (
				0C1D66FD2A5DC21400EAAD30 /* Sources */,
				0C1D66FE2A5DC21400EAAD30 /* Frameworks */,
				0C1D66FF2A5DC21400EAAD30 /* Resources */,
				0CD09E482A5DC7E1005C97F1 /* Embed Frameworks */,
			);
			buildRules = (
			);
			dependencies = (
			);
			name = ChineseWordOfTheDay;
			productName = ChineseWordOfTheDay;
			productReference = 0C1D67012A5DC21400EAAD30 /* ChineseWordOfTheDay.app */;
			productType = "com.apple.product-type.application";
		};
		0C778DDB2A5F20DB007D2A8F /* StoreBuilderMain */ = {
			isa = PBXNativeTarget;
			buildConfigurationList = 0C778DE02A5F20DB007D2A8F /* Build configuration list for PBXNativeTarget "StoreBuilderMain" */;
			buildPhases = (
				0C778DD82A5F20DB007D2A8F /* Sources */,
				0C778DD92A5F20DB007D2A8F /* Frameworks */,
				0C778DDA2A5F20DB007D2A8F /* CopyFiles */,
				0C778DE72A5F20FC007D2A8F /* Embed Frameworks */,
			);
			buildRules = (
			);
			dependencies = (
				0C778DE62A5F20FC007D2A8F /* PBXTargetDependency */,
			);
			name = StoreBuilderMain;
			productName = StoreBuilderMain;
			productReference = 0C778DDC2A5F20DB007D2A8F /* StoreBuilderMain */;
			productType = "com.apple.product-type.tool";
		};
		0CD09E2F2A5DC7E1005C97F1 /* DataStoreBuilder */ = {
			isa = PBXNativeTarget;
			buildConfigurationList = 0CD09E452A5DC7E1005C97F1 /* Build configuration list for PBXNativeTarget "DataStoreBuilder" */;
			buildPhases = (
				0CD09E2B2A5DC7E1005C97F1 /* Headers */,
				0CD09E2C2A5DC7E1005C97F1 /* Sources */,
				0CD09E2D2A5DC7E1005C97F1 /* Frameworks */,
				0CD09E2E2A5DC7E1005C97F1 /* Resources */,
				0CD09E772A5DCC5A005C97F1 /* Embed Frameworks */,
			);
			buildRules = (
			);
			dependencies = (
			);
			name = DataStoreBuilder;
			productName = DataStoreBuilder;
			productReference = 0CD09E302A5DC7E1005C97F1 /* DataStoreBuilder.framework */;
			productType = "com.apple.product-type.framework";
		};
		0CD09E362A5DC7E1005C97F1 /* DataStoreBuilderTests */ = {
			isa = PBXNativeTarget;
			buildConfigurationList = 0CD09E492A5DC7E1005C97F1 /* Build configuration list for PBXNativeTarget "DataStoreBuilderTests" */;
			buildPhases = (
				0CD09E332A5DC7E1005C97F1 /* Sources */,
				0CD09E342A5DC7E1005C97F1 /* Frameworks */,
				0CD09E352A5DC7E1005C97F1 /* Resources */,
			);
			buildRules = (
			);
			dependencies = (
				0CD09E3A2A5DC7E1005C97F1 /* PBXTargetDependency */,
				0CD09E3C2A5DC7E1005C97F1 /* PBXTargetDependency */,
			);
			name = DataStoreBuilderTests;
			productName = DataStoreBuilderTests;
			productReference = 0CD09E372A5DC7E1005C97F1 /* DataStoreBuilderTests.xctest */;
			productType = "com.apple.product-type.bundle.unit-test";
		};
		0CD09E5C2A5DCB3A005C97F1 /* WordFrameworkTests */ = {
			isa = PBXNativeTarget;
			buildConfigurationList = 0CD09E6E2A5DCB3A005C97F1 /* Build configuration list for PBXNativeTarget "WordFrameworkTests" */;
			buildPhases = (
				0CD09E592A5DCB3A005C97F1 /* Sources */,
				0CD09E5A2A5DCB3A005C97F1 /* Frameworks */,
				0CD09E5B2A5DCB3A005C97F1 /* Resources */,
			);
			buildRules = (
			);
			dependencies = (
				0CD09E622A5DCB3A005C97F1 /* PBXTargetDependency */,
			);
			name = WordFrameworkTests;
			productName = WordFrameworkTests;
			productReference = 0CD09E5D2A5DCB3A005C97F1 /* WordFrameworkTests.xctest */;
			productType = "com.apple.product-type.bundle.unit-test";
		};
/* End PBXNativeTarget section */

/* Begin PBXProject section */
		0C1D66F92A5DC21300EAAD30 /* Project object */ = {
			isa = PBXProject;
			attributes = {
				BuildIndependentTargetsInParallel = 1;
				LastSwiftUpdateCheck = 1500;
				LastUpgradeCheck = 1500;
				TargetAttributes = {
					0C1D67002A5DC21400EAAD30 = {
						CreatedOnToolsVersion = 15.0;
					};
					0C778DDB2A5F20DB007D2A8F = {
						CreatedOnToolsVersion = 15.0;
					};
					0CD09E2F2A5DC7E1005C97F1 = {
						CreatedOnToolsVersion = 15.0;
						LastSwiftMigration = 1500;
					};
					0CD09E362A5DC7E1005C97F1 = {
						CreatedOnToolsVersion = 15.0;
						TestTargetID = 0C1D67002A5DC21400EAAD30;
					};
					0CD09E5C2A5DCB3A005C97F1 = {
						CreatedOnToolsVersion = 15.0;
						TestTargetID = 0C1D67002A5DC21400EAAD30;
					};
				};
			};
			buildConfigurationList = 0C1D66FC2A5DC21300EAAD30 /* Build configuration list for PBXProject "ChineseWordOfTheDay" */;
			compatibilityVersion = "Xcode 14.0";
			developmentRegion = en;
			hasScannedForEncodings = 0;
			knownRegions = (
				en,
				Base,
			);
			mainGroup = 0C1D66F82A5DC21300EAAD30;
			productRefGroup = 0C1D67022A5DC21400EAAD30 /* Products */;
			projectDirPath = "";
			projectRoot = "";
			targets = (
				0C1D67002A5DC21400EAAD30 /* ChineseWordOfTheDay */,
				0CD09E2F2A5DC7E1005C97F1 /* DataStoreBuilder */,
				0CD09E362A5DC7E1005C97F1 /* DataStoreBuilderTests */,
				0CD09E5C2A5DCB3A005C97F1 /* WordFrameworkTests */,
				0C778DDB2A5F20DB007D2A8F /* StoreBuilderMain */,
			);
		};
/* End PBXProject section */

/* Begin PBXResourcesBuildPhase section */
		0C1D66FF2A5DC21400EAAD30 /* Resources */ = {
			isa = PBXResourcesBuildPhase;
			buildActionMask = 2147483647;
			files = (
				0C1D670C2A5DC21500EAAD30 /* Preview Assets.xcassets in Resources */,
				0C22FF202AEDDA6B00913EC3 /* WordModel.sqlite in Resources */,
				0C1D67092A5DC21500EAAD30 /* Assets.xcassets in Resources */,
			);
			runOnlyForDeploymentPostprocessing = 0;
		};
		0CD09E2E2A5DC7E1005C97F1 /* Resources */ = {
			isa = PBXResourcesBuildPhase;
			buildActionMask = 2147483647;
			files = (
				0CF1DF9B2ACB313D0093519B /* output.json in Resources */,
			);
			runOnlyForDeploymentPostprocessing = 0;
		};
		0CD09E352A5DC7E1005C97F1 /* Resources */ = {
			isa = PBXResourcesBuildPhase;
			buildActionMask = 2147483647;
			files = (
			);
			runOnlyForDeploymentPostprocessing = 0;
		};
		0CD09E5B2A5DCB3A005C97F1 /* Resources */ = {
			isa = PBXResourcesBuildPhase;
			buildActionMask = 2147483647;
			files = (
			);
			runOnlyForDeploymentPostprocessing = 0;
		};
/* End PBXResourcesBuildPhase section */

/* Begin PBXSourcesBuildPhase section */
		0C1D66FD2A5DC21400EAAD30 /* Sources */ = {
			isa = PBXSourcesBuildPhase;
			buildActionMask = 2147483647;
			files = (
				0C4858C62A71992100AF96C2 /* GeometryReaderCentered.swift in Sources */,
				0CCB25372B1FB4DD001FAF94 /* CloudKitNotification.swift in Sources */,
				0CB6B3372B28DC850008DC54 /* LearnStatus.swift in Sources */,
				0C1D67072A5DC21400EAAD30 /* ContentView.swift in Sources */,
				0CCB253F2B279058001FAF94 /* Word+CoreDataClass.swift in Sources */,
				0C7E2DBB2B40A3DE0005224E /* Persistence+History.swift in Sources */,
				0C4858BF2A7192BE00AF96C2 /* Persistence.swift in Sources */,
				0C4858C82A71992E00AF96C2 /* WordView.swift in Sources */,
				0C1D67052A5DC21400EAAD30 /* ChineseWordOfTheDayApp.swift in Sources */,
				0C7E2DBD2B40AAA10005224E /* Persistence+De-Duplication.swift in Sources */,
				0CCB25412B27905F001FAF94 /* Constants.swift in Sources */,
				0CB6B3512B2B84220008DC54 /* DevelopmentFunctions.swift in Sources */,
				0CCB253D2B279053001FAF94 /* WordStatus+CoreDataClass.swift in Sources */,
				0C778DEE2A61A78E007D2A8F /* WordModel.xcdatamodeld in Sources */,
				0C22FF242AEDDE7900913EC3 /* CurrentWordViewModel.swift in Sources */,
				0CCB253E2B279056001FAF94 /* WordStatus+CoreDataProperties.swift in Sources */,
				0CCB25402B27905B001FAF94 /* Word+CoreDataProperties.swift in Sources */,
			);
			runOnlyForDeploymentPostprocessing = 0;
		};
		0C778DD82A5F20DB007D2A8F /* Sources */ = {
			isa = PBXSourcesBuildPhase;
			buildActionMask = 2147483647;
			files = (
				0C778DDF2A5F20DB007D2A8F /* main.swift in Sources */,
				0CB6B3492B2B7B340008DC54 /* Word+CoreDataClass.swift in Sources */,
				0CB6B3412B2B7B200008DC54 /* WordStatus+CoreDataClass.swift in Sources */,
				0C778DED2A61A78D007D2A8F /* WordModel.xcdatamodeld in Sources */,
				0CB6B3392B2B7AFE0008DC54 /* Constants.swift in Sources */,
				0CB6B34D2B2B7B390008DC54 /* Word+CoreDataProperties.swift in Sources */,
			);
			runOnlyForDeploymentPostprocessing = 0;
		};
		0CD09E2C2A5DC7E1005C97F1 /* Sources */ = {
			isa = PBXSourcesBuildPhase;
			buildActionMask = 2147483647;
			files = (
				0CD09E4D2A5DC7FB005C97F1 /* DataStoreBuilder.swift in Sources */,
				0CB6B3462B2B7B330008DC54 /* Word+CoreDataClass.swift in Sources */,
				0C7E2DB42B3285340005224E /* LearnStatus.swift in Sources */,
				0CB6B33E2B2B7B1F0008DC54 /* WordStatus+CoreDataClass.swift in Sources */,
				0CB6B33A2B2B7B020008DC54 /* Constants.swift in Sources */,
				0CB6B33B2B2B7B110008DC54 /* WordModel.xcdatamodeld in Sources */,
				0CB6B34A2B2B7B380008DC54 /* Word+CoreDataProperties.swift in Sources */,
			);
			runOnlyForDeploymentPostprocessing = 0;
		};
		0CD09E332A5DC7E1005C97F1 /* Sources */ = {
			isa = PBXSourcesBuildPhase;
			buildActionMask = 2147483647;
			files = (
				0CB6B33F2B2B7B1F0008DC54 /* WordStatus+CoreDataClass.swift in Sources */,
				0CD09E3F2A5DC7E1005C97F1 /* DataStoreBuilderTests.swift in Sources */,
				0CB6B33C2B2B7B190008DC54 /* WordModel.xcdatamodeld in Sources */,
				0CB6B34B2B2B7B380008DC54 /* Word+CoreDataProperties.swift in Sources */,
				0CB6B3472B2B7B330008DC54 /* Word+CoreDataClass.swift in Sources */,
				0CB6B34E2B2B7B3C0008DC54 /* Constants.swift in Sources */,
			);
			runOnlyForDeploymentPostprocessing = 0;
		};
		0CD09E592A5DCB3A005C97F1 /* Sources */ = {
			isa = PBXSourcesBuildPhase;
			buildActionMask = 2147483647;
			files = (
				0CB6B3402B2B7B200008DC54 /* WordStatus+CoreDataClass.swift in Sources */,
				0CD09E652A5DCB3A005C97F1 /* WordFrameworkTests.swift in Sources */,
				0CB6B33D2B2B7B190008DC54 /* WordModel.xcdatamodeld in Sources */,
				0CB6B34C2B2B7B390008DC54 /* Word+CoreDataProperties.swift in Sources */,
				0CB6B3482B2B7B340008DC54 /* Word+CoreDataClass.swift in Sources */,
				0CB6B34F2B2B7B3D0008DC54 /* Constants.swift in Sources */,
			);
			runOnlyForDeploymentPostprocessing = 0;
		};
/* End PBXSourcesBuildPhase section */

/* Begin PBXTargetDependency section */
		0C778DE62A5F20FC007D2A8F /* PBXTargetDependency */ = {
			isa = PBXTargetDependency;
			target = 0CD09E2F2A5DC7E1005C97F1 /* DataStoreBuilder */;
			targetProxy = 0C778DE52A5F20FC007D2A8F /* PBXContainerItemProxy */;
		};
		0CD09E3A2A5DC7E1005C97F1 /* PBXTargetDependency */ = {
			isa = PBXTargetDependency;
			target = 0CD09E2F2A5DC7E1005C97F1 /* DataStoreBuilder */;
			targetProxy = 0CD09E392A5DC7E1005C97F1 /* PBXContainerItemProxy */;
		};
		0CD09E3C2A5DC7E1005C97F1 /* PBXTargetDependency */ = {
			isa = PBXTargetDependency;
			target = 0C1D67002A5DC21400EAAD30 /* ChineseWordOfTheDay */;
			targetProxy = 0CD09E3B2A5DC7E1005C97F1 /* PBXContainerItemProxy */;
		};
		0CD09E622A5DCB3A005C97F1 /* PBXTargetDependency */ = {
			isa = PBXTargetDependency;
			target = 0C1D67002A5DC21400EAAD30 /* ChineseWordOfTheDay */;
			targetProxy = 0CD09E612A5DCB3A005C97F1 /* PBXContainerItemProxy */;
		};
/* End PBXTargetDependency section */

/* Begin XCBuildConfiguration section */
		0C1D670D2A5DC21500EAAD30 /* Debug */ = {
			isa = XCBuildConfiguration;
			buildSettings = {
				ALWAYS_SEARCH_USER_PATHS = NO;
				ASSETCATALOG_COMPILER_GENERATE_SWIFT_ASSET_SYMBOL_EXTENSIONS = YES;
				CLANG_ANALYZER_NONNULL = YES;
				CLANG_ANALYZER_NUMBER_OBJECT_CONVERSION = YES_AGGRESSIVE;
				CLANG_CXX_LANGUAGE_STANDARD = "gnu++20";
				CLANG_ENABLE_MODULES = YES;
				CLANG_ENABLE_OBJC_ARC = YES;
				CLANG_ENABLE_OBJC_WEAK = YES;
				CLANG_WARN_BLOCK_CAPTURE_AUTORELEASING = YES;
				CLANG_WARN_BOOL_CONVERSION = YES;
				CLANG_WARN_COMMA = YES;
				CLANG_WARN_CONSTANT_CONVERSION = YES;
				CLANG_WARN_DEPRECATED_OBJC_IMPLEMENTATIONS = YES;
				CLANG_WARN_DIRECT_OBJC_ISA_USAGE = YES_ERROR;
				CLANG_WARN_DOCUMENTATION_COMMENTS = YES;
				CLANG_WARN_EMPTY_BODY = YES;
				CLANG_WARN_ENUM_CONVERSION = YES;
				CLANG_WARN_INFINITE_RECURSION = YES;
				CLANG_WARN_INT_CONVERSION = YES;
				CLANG_WARN_NON_LITERAL_NULL_CONVERSION = YES;
				CLANG_WARN_OBJC_IMPLICIT_RETAIN_SELF = YES;
				CLANG_WARN_OBJC_LITERAL_CONVERSION = YES;
				CLANG_WARN_OBJC_ROOT_CLASS = YES_ERROR;
				CLANG_WARN_QUOTED_INCLUDE_IN_FRAMEWORK_HEADER = YES;
				CLANG_WARN_RANGE_LOOP_ANALYSIS = YES;
				CLANG_WARN_STRICT_PROTOTYPES = YES;
				CLANG_WARN_SUSPICIOUS_MOVE = YES;
				CLANG_WARN_UNGUARDED_AVAILABILITY = YES_AGGRESSIVE;
				CLANG_WARN_UNREACHABLE_CODE = YES;
				CLANG_WARN__DUPLICATE_METHOD_MATCH = YES;
				COPY_PHASE_STRIP = NO;
				DEBUG_INFORMATION_FORMAT = dwarf;
				ENABLE_STRICT_OBJC_MSGSEND = YES;
				ENABLE_TESTABILITY = YES;
				ENABLE_USER_SCRIPT_SANDBOXING = YES;
				GCC_C_LANGUAGE_STANDARD = gnu17;
				GCC_DYNAMIC_NO_PIC = NO;
				GCC_NO_COMMON_BLOCKS = YES;
				GCC_OPTIMIZATION_LEVEL = 0;
				GCC_PREPROCESSOR_DEFINITIONS = (
					"DEBUG=1",
					"$(inherited)",
				);
				GCC_WARN_64_TO_32_BIT_CONVERSION = YES;
				GCC_WARN_ABOUT_RETURN_TYPE = YES_ERROR;
				GCC_WARN_UNDECLARED_SELECTOR = YES;
				GCC_WARN_UNINITIALIZED_AUTOS = YES_AGGRESSIVE;
				GCC_WARN_UNUSED_FUNCTION = YES;
				GCC_WARN_UNUSED_VARIABLE = YES;
				IPHONEOS_DEPLOYMENT_TARGET = 15.6;
				LOCALIZATION_PREFERS_STRING_CATALOGS = YES;
				MTL_ENABLE_DEBUG_INFO = INCLUDE_SOURCE;
				MTL_FAST_MATH = YES;
				ONLY_ACTIVE_ARCH = YES;
				SDKROOT = iphoneos;
				SWIFT_ACTIVE_COMPILATION_CONDITIONS = "DEBUG $(inherited)";
				SWIFT_OPTIMIZATION_LEVEL = "-Onone";
			};
			name = Debug;
		};
		0C1D670E2A5DC21500EAAD30 /* Release */ = {
			isa = XCBuildConfiguration;
			buildSettings = {
				ALWAYS_SEARCH_USER_PATHS = NO;
				ASSETCATALOG_COMPILER_GENERATE_SWIFT_ASSET_SYMBOL_EXTENSIONS = YES;
				CLANG_ANALYZER_NONNULL = YES;
				CLANG_ANALYZER_NUMBER_OBJECT_CONVERSION = YES_AGGRESSIVE;
				CLANG_CXX_LANGUAGE_STANDARD = "gnu++20";
				CLANG_ENABLE_MODULES = YES;
				CLANG_ENABLE_OBJC_ARC = YES;
				CLANG_ENABLE_OBJC_WEAK = YES;
				CLANG_WARN_BLOCK_CAPTURE_AUTORELEASING = YES;
				CLANG_WARN_BOOL_CONVERSION = YES;
				CLANG_WARN_COMMA = YES;
				CLANG_WARN_CONSTANT_CONVERSION = YES;
				CLANG_WARN_DEPRECATED_OBJC_IMPLEMENTATIONS = YES;
				CLANG_WARN_DIRECT_OBJC_ISA_USAGE = YES_ERROR;
				CLANG_WARN_DOCUMENTATION_COMMENTS = YES;
				CLANG_WARN_EMPTY_BODY = YES;
				CLANG_WARN_ENUM_CONVERSION = YES;
				CLANG_WARN_INFINITE_RECURSION = YES;
				CLANG_WARN_INT_CONVERSION = YES;
				CLANG_WARN_NON_LITERAL_NULL_CONVERSION = YES;
				CLANG_WARN_OBJC_IMPLICIT_RETAIN_SELF = YES;
				CLANG_WARN_OBJC_LITERAL_CONVERSION = YES;
				CLANG_WARN_OBJC_ROOT_CLASS = YES_ERROR;
				CLANG_WARN_QUOTED_INCLUDE_IN_FRAMEWORK_HEADER = YES;
				CLANG_WARN_RANGE_LOOP_ANALYSIS = YES;
				CLANG_WARN_STRICT_PROTOTYPES = YES;
				CLANG_WARN_SUSPICIOUS_MOVE = YES;
				CLANG_WARN_UNGUARDED_AVAILABILITY = YES_AGGRESSIVE;
				CLANG_WARN_UNREACHABLE_CODE = YES;
				CLANG_WARN__DUPLICATE_METHOD_MATCH = YES;
				COPY_PHASE_STRIP = NO;
				DEBUG_INFORMATION_FORMAT = "dwarf-with-dsym";
				ENABLE_NS_ASSERTIONS = NO;
				ENABLE_STRICT_OBJC_MSGSEND = YES;
				ENABLE_USER_SCRIPT_SANDBOXING = YES;
				GCC_C_LANGUAGE_STANDARD = gnu17;
				GCC_NO_COMMON_BLOCKS = YES;
				GCC_WARN_64_TO_32_BIT_CONVERSION = YES;
				GCC_WARN_ABOUT_RETURN_TYPE = YES_ERROR;
				GCC_WARN_UNDECLARED_SELECTOR = YES;
				GCC_WARN_UNINITIALIZED_AUTOS = YES_AGGRESSIVE;
				GCC_WARN_UNUSED_FUNCTION = YES;
				GCC_WARN_UNUSED_VARIABLE = YES;
				IPHONEOS_DEPLOYMENT_TARGET = 15.6;
				LOCALIZATION_PREFERS_STRING_CATALOGS = YES;
				MTL_ENABLE_DEBUG_INFO = NO;
				MTL_FAST_MATH = YES;
				SDKROOT = iphoneos;
				SWIFT_COMPILATION_MODE = wholemodule;
				VALIDATE_PRODUCT = YES;
			};
			name = Release;
		};
		0C1D67102A5DC21500EAAD30 /* Debug */ = {
			isa = XCBuildConfiguration;
			buildSettings = {
				ALWAYS_EMBED_SWIFT_STANDARD_LIBRARIES = YES;
				ASSETCATALOG_COMPILER_APPICON_NAME = AppIcon;
				ASSETCATALOG_COMPILER_GLOBAL_ACCENT_COLOR_NAME = AccentColor;
				CODE_SIGN_ENTITLEMENTS = ChineseWordOfTheDay/ChineseWordOfTheDay.entitlements;
				CODE_SIGN_STYLE = Automatic;
				CURRENT_PROJECT_VERSION = 1;
				DEVELOPMENT_ASSET_PATHS = "\"ChineseWordOfTheDay/Preview Content\"";
				DEVELOPMENT_TEAM = SU6X47WC59;
				ENABLE_PREVIEWS = YES;
				GENERATE_INFOPLIST_FILE = YES;
				INFOPLIST_FILE = ChineseWordOfTheDay/Info.plist;
				INFOPLIST_KEY_LSApplicationCategoryType = "public.app-category.education";
				INFOPLIST_KEY_UIApplicationSceneManifest_Generation = YES;
				INFOPLIST_KEY_UIApplicationSupportsIndirectInputEvents = YES;
				INFOPLIST_KEY_UILaunchScreen_Generation = YES;
				INFOPLIST_KEY_UISupportedInterfaceOrientations_iPad = "UIInterfaceOrientationPortrait UIInterfaceOrientationPortraitUpsideDown UIInterfaceOrientationLandscapeLeft UIInterfaceOrientationLandscapeRight";
				INFOPLIST_KEY_UISupportedInterfaceOrientations_iPhone = "UIInterfaceOrientationPortrait UIInterfaceOrientationLandscapeLeft UIInterfaceOrientationLandscapeRight";
				IPHONEOS_DEPLOYMENT_TARGET = 15.6;
				LD_RUNPATH_SEARCH_PATHS = (
					"$(inherited)",
					"@executable_path/Frameworks",
				);
				MARKETING_VERSION = 1.0;
				PRODUCT_BUNDLE_IDENTIFIER = matthedm.ChineseWordOfTheDay;
				PRODUCT_NAME = "$(TARGET_NAME)";
				SWIFT_EMIT_LOC_STRINGS = YES;
				SWIFT_VERSION = 5.0;
				TARGETED_DEVICE_FAMILY = "1,2";
			};
			name = Debug;
		};
		0C1D67112A5DC21500EAAD30 /* Release */ = {
			isa = XCBuildConfiguration;
			buildSettings = {
				ALWAYS_EMBED_SWIFT_STANDARD_LIBRARIES = YES;
				ASSETCATALOG_COMPILER_APPICON_NAME = AppIcon;
				ASSETCATALOG_COMPILER_GLOBAL_ACCENT_COLOR_NAME = AccentColor;
				CODE_SIGN_ENTITLEMENTS = ChineseWordOfTheDay/ChineseWordOfTheDay.entitlements;
				CODE_SIGN_STYLE = Automatic;
				CURRENT_PROJECT_VERSION = 1;
				DEVELOPMENT_ASSET_PATHS = "\"ChineseWordOfTheDay/Preview Content\"";
				DEVELOPMENT_TEAM = SU6X47WC59;
				ENABLE_PREVIEWS = YES;
				GENERATE_INFOPLIST_FILE = YES;
				INFOPLIST_FILE = ChineseWordOfTheDay/Info.plist;
				INFOPLIST_KEY_LSApplicationCategoryType = "public.app-category.education";
				INFOPLIST_KEY_UIApplicationSceneManifest_Generation = YES;
				INFOPLIST_KEY_UIApplicationSupportsIndirectInputEvents = YES;
				INFOPLIST_KEY_UILaunchScreen_Generation = YES;
				INFOPLIST_KEY_UISupportedInterfaceOrientations_iPad = "UIInterfaceOrientationPortrait UIInterfaceOrientationPortraitUpsideDown UIInterfaceOrientationLandscapeLeft UIInterfaceOrientationLandscapeRight";
				INFOPLIST_KEY_UISupportedInterfaceOrientations_iPhone = "UIInterfaceOrientationPortrait UIInterfaceOrientationLandscapeLeft UIInterfaceOrientationLandscapeRight";
				IPHONEOS_DEPLOYMENT_TARGET = 15.6;
				LD_RUNPATH_SEARCH_PATHS = (
					"$(inherited)",
					"@executable_path/Frameworks",
				);
				MARKETING_VERSION = 1.0;
				PRODUCT_BUNDLE_IDENTIFIER = matthedm.ChineseWordOfTheDay;
				PRODUCT_NAME = "$(TARGET_NAME)";
				SWIFT_EMIT_LOC_STRINGS = YES;
				SWIFT_VERSION = 5.0;
				TARGETED_DEVICE_FAMILY = "1,2";
			};
			name = Release;
		};
		0C778DE12A5F20DB007D2A8F /* Debug */ = {
			isa = XCBuildConfiguration;
			buildSettings = {
				CODE_SIGN_STYLE = Automatic;
				DEVELOPMENT_TEAM = SU6X47WC59;
				ENABLE_HARDENED_RUNTIME = YES;
				MACOSX_DEPLOYMENT_TARGET = 13.4;
				PRODUCT_NAME = "$(TARGET_NAME)";
				SDKROOT = macosx;
				SWIFT_VERSION = 5.0;
			};
			name = Debug;
		};
		0C778DE22A5F20DB007D2A8F /* Release */ = {
			isa = XCBuildConfiguration;
			buildSettings = {
				CODE_SIGN_STYLE = Automatic;
				DEVELOPMENT_TEAM = SU6X47WC59;
				ENABLE_HARDENED_RUNTIME = YES;
				MACOSX_DEPLOYMENT_TARGET = 13.4;
				PRODUCT_NAME = "$(TARGET_NAME)";
				SDKROOT = macosx;
				SWIFT_VERSION = 5.0;
			};
			name = Release;
		};
		0CD09E462A5DC7E1005C97F1 /* Debug */ = {
			isa = XCBuildConfiguration;
			buildSettings = {
				CLANG_ENABLE_MODULES = YES;
				CODE_SIGN_STYLE = Automatic;
				CURRENT_PROJECT_VERSION = 1;
				DEFINES_MODULE = YES;
				DEVELOPMENT_ASSET_PATHS = DataStoreBuilder/output.json;
				DEVELOPMENT_TEAM = SU6X47WC59;
				DYLIB_COMPATIBILITY_VERSION = 1;
				DYLIB_CURRENT_VERSION = 1;
				DYLIB_INSTALL_NAME_BASE = "@rpath";
				ENABLE_MODULE_VERIFIER = YES;
				GENERATE_INFOPLIST_FILE = YES;
				INFOPLIST_KEY_NSHumanReadableCopyright = "";
				INSTALL_PATH = "$(LOCAL_LIBRARY_DIR)/Frameworks";
				IPHONEOS_DEPLOYMENT_TARGET = 15.6;
				LD_RUNPATH_SEARCH_PATHS = (
					"@executable_path/Frameworks",
					"@loader_path/Frameworks",
				);
				"LD_RUNPATH_SEARCH_PATHS[sdk=macosx*]" = (
					"@executable_path/../Frameworks",
					"@loader_path/Frameworks",
				);
				MACOSX_DEPLOYMENT_TARGET = 13.4;
				MARKETING_VERSION = 1.0;
				MODULE_VERIFIER_SUPPORTED_LANGUAGES = "objective-c objective-c++";
				MODULE_VERIFIER_SUPPORTED_LANGUAGE_STANDARDS = "gnu17 gnu++20";
				PRODUCT_BUNDLE_IDENTIFIER = matthedm.DataStoreBuilder;
				PRODUCT_NAME = "$(TARGET_NAME:c99extidentifier)";
				SDKROOT = auto;
				SKIP_INSTALL = YES;
				SUPPORTED_PLATFORMS = "iphoneos iphonesimulator macosx";
				SWIFT_EMIT_LOC_STRINGS = YES;
				SWIFT_OPTIMIZATION_LEVEL = "-Onone";
				SWIFT_VERSION = 5.0;
				TARGETED_DEVICE_FAMILY = "1,2";
				VERSIONING_SYSTEM = "apple-generic";
				VERSION_INFO_PREFIX = "";
			};
			name = Debug;
		};
		0CD09E472A5DC7E1005C97F1 /* Release */ = {
			isa = XCBuildConfiguration;
			buildSettings = {
				CLANG_ENABLE_MODULES = YES;
				CODE_SIGN_STYLE = Automatic;
				CURRENT_PROJECT_VERSION = 1;
				DEFINES_MODULE = YES;
				DEVELOPMENT_ASSET_PATHS = DataStoreBuilder/output.json;
				DEVELOPMENT_TEAM = SU6X47WC59;
				DYLIB_COMPATIBILITY_VERSION = 1;
				DYLIB_CURRENT_VERSION = 1;
				DYLIB_INSTALL_NAME_BASE = "@rpath";
				ENABLE_MODULE_VERIFIER = YES;
				GENERATE_INFOPLIST_FILE = YES;
				INFOPLIST_KEY_NSHumanReadableCopyright = "";
				INSTALL_PATH = "$(LOCAL_LIBRARY_DIR)/Frameworks";
				IPHONEOS_DEPLOYMENT_TARGET = 15.6;
				LD_RUNPATH_SEARCH_PATHS = (
					"@executable_path/Frameworks",
					"@loader_path/Frameworks",
				);
				"LD_RUNPATH_SEARCH_PATHS[sdk=macosx*]" = (
					"@executable_path/../Frameworks",
					"@loader_path/Frameworks",
				);
				MACOSX_DEPLOYMENT_TARGET = 13.4;
				MARKETING_VERSION = 1.0;
				MODULE_VERIFIER_SUPPORTED_LANGUAGES = "objective-c objective-c++";
				MODULE_VERIFIER_SUPPORTED_LANGUAGE_STANDARDS = "gnu17 gnu++20";
				PRODUCT_BUNDLE_IDENTIFIER = matthedm.DataStoreBuilder;
				PRODUCT_NAME = "$(TARGET_NAME:c99extidentifier)";
				SDKROOT = auto;
				SKIP_INSTALL = YES;
				SUPPORTED_PLATFORMS = "iphoneos iphonesimulator macosx";
				SWIFT_EMIT_LOC_STRINGS = YES;
				SWIFT_VERSION = 5.0;
				TARGETED_DEVICE_FAMILY = "1,2";
				VERSIONING_SYSTEM = "apple-generic";
				VERSION_INFO_PREFIX = "";
			};
			name = Release;
		};
		0CD09E4A2A5DC7E1005C97F1 /* Debug */ = {
			isa = XCBuildConfiguration;
			buildSettings = {
				ALWAYS_EMBED_SWIFT_STANDARD_LIBRARIES = YES;
				CODE_SIGN_STYLE = Automatic;
				CURRENT_PROJECT_VERSION = 1;
				DEVELOPMENT_TEAM = SU6X47WC59;
				GENERATE_INFOPLIST_FILE = YES;
				IPHONEOS_DEPLOYMENT_TARGET = 17.0;
				MACOSX_DEPLOYMENT_TARGET = 13.4;
				MARKETING_VERSION = 1.0;
				PRODUCT_BUNDLE_IDENTIFIER = matthedm.DataStoreBuilderTests;
				PRODUCT_NAME = "$(TARGET_NAME)";
				SDKROOT = auto;
				SUPPORTED_PLATFORMS = "iphoneos iphonesimulator macosx";
				SWIFT_EMIT_LOC_STRINGS = NO;
				SWIFT_VERSION = 5.0;
				TARGETED_DEVICE_FAMILY = "1,2";
				TEST_HOST = "$(BUILT_PRODUCTS_DIR)/ChineseWordOfTheDay.app/$(BUNDLE_EXECUTABLE_FOLDER_PATH)/ChineseWordOfTheDay";
			};
			name = Debug;
		};
		0CD09E4B2A5DC7E1005C97F1 /* Release */ = {
			isa = XCBuildConfiguration;
			buildSettings = {
				ALWAYS_EMBED_SWIFT_STANDARD_LIBRARIES = YES;
				CODE_SIGN_STYLE = Automatic;
				CURRENT_PROJECT_VERSION = 1;
				DEVELOPMENT_TEAM = SU6X47WC59;
				GENERATE_INFOPLIST_FILE = YES;
				IPHONEOS_DEPLOYMENT_TARGET = 17.0;
				MACOSX_DEPLOYMENT_TARGET = 13.4;
				MARKETING_VERSION = 1.0;
				PRODUCT_BUNDLE_IDENTIFIER = matthedm.DataStoreBuilderTests;
				PRODUCT_NAME = "$(TARGET_NAME)";
				SDKROOT = auto;
				SUPPORTED_PLATFORMS = "iphoneos iphonesimulator macosx";
				SWIFT_EMIT_LOC_STRINGS = NO;
				SWIFT_VERSION = 5.0;
				TARGETED_DEVICE_FAMILY = "1,2";
				TEST_HOST = "$(BUILT_PRODUCTS_DIR)/ChineseWordOfTheDay.app/$(BUNDLE_EXECUTABLE_FOLDER_PATH)/ChineseWordOfTheDay";
			};
			name = Release;
		};
		0CD09E6F2A5DCB3A005C97F1 /* Debug */ = {
			isa = XCBuildConfiguration;
			buildSettings = {
				ALWAYS_EMBED_SWIFT_STANDARD_LIBRARIES = YES;
				CODE_SIGN_STYLE = Automatic;
				CURRENT_PROJECT_VERSION = 1;
				DEVELOPMENT_TEAM = SU6X47WC59;
				GENERATE_INFOPLIST_FILE = YES;
				IPHONEOS_DEPLOYMENT_TARGET = 17.0;
				MARKETING_VERSION = 1.0;
				PRODUCT_BUNDLE_IDENTIFIER = matthedm.WordFrameworkTests;
				PRODUCT_NAME = "$(TARGET_NAME)";
				SWIFT_EMIT_LOC_STRINGS = NO;
				SWIFT_VERSION = 5.0;
				TARGETED_DEVICE_FAMILY = "1,2";
				TEST_HOST = "$(BUILT_PRODUCTS_DIR)/ChineseWordOfTheDay.app/$(BUNDLE_EXECUTABLE_FOLDER_PATH)/ChineseWordOfTheDay";
			};
			name = Debug;
		};
		0CD09E702A5DCB3A005C97F1 /* Release */ = {
			isa = XCBuildConfiguration;
			buildSettings = {
				ALWAYS_EMBED_SWIFT_STANDARD_LIBRARIES = YES;
				CODE_SIGN_STYLE = Automatic;
				CURRENT_PROJECT_VERSION = 1;
				DEVELOPMENT_TEAM = SU6X47WC59;
				GENERATE_INFOPLIST_FILE = YES;
				IPHONEOS_DEPLOYMENT_TARGET = 17.0;
				MARKETING_VERSION = 1.0;
				PRODUCT_BUNDLE_IDENTIFIER = matthedm.WordFrameworkTests;
				PRODUCT_NAME = "$(TARGET_NAME)";
				SWIFT_EMIT_LOC_STRINGS = NO;
				SWIFT_VERSION = 5.0;
				TARGETED_DEVICE_FAMILY = "1,2";
				TEST_HOST = "$(BUILT_PRODUCTS_DIR)/ChineseWordOfTheDay.app/$(BUNDLE_EXECUTABLE_FOLDER_PATH)/ChineseWordOfTheDay";
			};
			name = Release;
		};
/* End XCBuildConfiguration section */

/* Begin XCConfigurationList section */
		0C1D66FC2A5DC21300EAAD30 /* Build configuration list for PBXProject "ChineseWordOfTheDay" */ = {
			isa = XCConfigurationList;
			buildConfigurations = (
				0C1D670D2A5DC21500EAAD30 /* Debug */,
				0C1D670E2A5DC21500EAAD30 /* Release */,
			);
			defaultConfigurationIsVisible = 0;
			defaultConfigurationName = Release;
		};
		0C1D670F2A5DC21500EAAD30 /* Build configuration list for PBXNativeTarget "ChineseWordOfTheDay" */ = {
			isa = XCConfigurationList;
			buildConfigurations = (
				0C1D67102A5DC21500EAAD30 /* Debug */,
				0C1D67112A5DC21500EAAD30 /* Release */,
			);
			defaultConfigurationIsVisible = 0;
			defaultConfigurationName = Release;
		};
		0C778DE02A5F20DB007D2A8F /* Build configuration list for PBXNativeTarget "StoreBuilderMain" */ = {
			isa = XCConfigurationList;
			buildConfigurations = (
				0C778DE12A5F20DB007D2A8F /* Debug */,
				0C778DE22A5F20DB007D2A8F /* Release */,
			);
			defaultConfigurationIsVisible = 0;
			defaultConfigurationName = Release;
		};
		0CD09E452A5DC7E1005C97F1 /* Build configuration list for PBXNativeTarget "DataStoreBuilder" */ = {
			isa = XCConfigurationList;
			buildConfigurations = (
				0CD09E462A5DC7E1005C97F1 /* Debug */,
				0CD09E472A5DC7E1005C97F1 /* Release */,
			);
			defaultConfigurationIsVisible = 0;
			defaultConfigurationName = Release;
		};
		0CD09E492A5DC7E1005C97F1 /* Build configuration list for PBXNativeTarget "DataStoreBuilderTests" */ = {
			isa = XCConfigurationList;
			buildConfigurations = (
				0CD09E4A2A5DC7E1005C97F1 /* Debug */,
				0CD09E4B2A5DC7E1005C97F1 /* Release */,
			);
			defaultConfigurationIsVisible = 0;
			defaultConfigurationName = Release;
		};
		0CD09E6E2A5DCB3A005C97F1 /* Build configuration list for PBXNativeTarget "WordFrameworkTests" */ = {
			isa = XCConfigurationList;
			buildConfigurations = (
				0CD09E6F2A5DCB3A005C97F1 /* Debug */,
				0CD09E702A5DCB3A005C97F1 /* Release */,
			);
			defaultConfigurationIsVisible = 0;
			defaultConfigurationName = Release;
		};
/* End XCConfigurationList section */

/* Begin XCVersionGroup section */
		0C1D67132A5DC33A00EAAD30 /* WordModel.xcdatamodeld */ = {
			isa = XCVersionGroup;
			children = (
				0C1D67142A5DC33A00EAAD30 /* WordModel.xcdatamodel */,
			);
			currentVersion = 0C1D67142A5DC33A00EAAD30 /* WordModel.xcdatamodel */;
			path = WordModel.xcdatamodeld;
			sourceTree = "<group>";
			versionGroupType = wrapper.xcdatamodel;
		};
/* End XCVersionGroup section */
	};
	rootObject = 0C1D66F92A5DC21300EAAD30 /* Project object */;
}
