// !$*UTF8*$!
{
	archiveVersion = 1;
	classes = {
	};
	objectVersion = 70;
	objects = {

/* Begin PBXBuildFile section */
		0C05B10C2DFA39E2009F6120 /* Misc.swift in Sources */ = {isa = PBXBuildFile; fileRef = 0C05B10B2DFA39DD009F6120 /* Misc.swift */; };
		0C0BDB122F67896100AA043A /* WidgetPreviewData.swift in Sources */ = {isa = PBXBuildFile; fileRef = 0C0BDB112F67896100AA043A /* WidgetPreviewData.swift */; };
		0C0BDB182F678BEB00AA043A /* SmallWordWidgetView.swift in Sources */ = {isa = PBXBuildFile; fileRef = 0C0BDB172F678BEB00AA043A /* SmallWordWidgetView.swift */; };
		0C0BDB1A2F678D2400AA043A /* ResizingCharacterText.swift in Sources */ = {isa = PBXBuildFile; fileRef = 0C0BDB192F678D2400AA043A /* ResizingCharacterText.swift */; };
		0C0BDB1C2F678D3200AA043A /* MediumWordWidgetView.swift in Sources */ = {isa = PBXBuildFile; fileRef = 0C0BDB1B2F678D3200AA043A /* MediumWordWidgetView.swift */; };
		0C0BDB1E2F678D4000AA043A /* InlineWordWidgetView.swift in Sources */ = {isa = PBXBuildFile; fileRef = 0C0BDB1D2F678D4000AA043A /* InlineWordWidgetView.swift */; };
		0C0BDB202F678D4F00AA043A /* CircularWordWidgetView.swift in Sources */ = {isa = PBXBuildFile; fileRef = 0C0BDB1F2F678D4F00AA043A /* CircularWordWidgetView.swift */; };
		0C0BDB222F678D5E00AA043A /* RectangularWordWidgetView.swift in Sources */ = {isa = PBXBuildFile; fileRef = 0C0BDB212F678D5E00AA043A /* RectangularWordWidgetView.swift */; };
		0C0BDB242F678DAB00AA043A /* WordEntry.swift in Sources */ = {isa = PBXBuildFile; fileRef = 0C0BDB232F678DAB00AA043A /* WordEntry.swift */; };
		0C0BDB262F679AA000AA043A /* WordOfTheDayWidgetEntryView.swift in Sources */ = {isa = PBXBuildFile; fileRef = 0C0BDB252F679A9F00AA043A /* WordOfTheDayWidgetEntryView.swift */; };
		0C15E8662C8BDA6400D7B51B /* WidgetKit.framework in Frameworks */ = {isa = PBXBuildFile; fileRef = 0C15E8652C8BDA6300D7B51B /* WidgetKit.framework */; };
		0C15E8682C8BDA6400D7B51B /* SwiftUI.framework in Frameworks */ = {isa = PBXBuildFile; fileRef = 0C15E8672C8BDA6400D7B51B /* SwiftUI.framework */; };
		0C15E86B2C8BDA6400D7B51B /* WordOfTheDayWidgetBundle.swift in Sources */ = {isa = PBXBuildFile; fileRef = 0C15E86A2C8BDA6400D7B51B /* WordOfTheDayWidgetBundle.swift */; };
		0C15E86D2C8BDA6400D7B51B /* WordOfTheDayWidget.swift in Sources */ = {isa = PBXBuildFile; fileRef = 0C15E86C2C8BDA6400D7B51B /* WordOfTheDayWidget.swift */; };
		0C15E86F2C8BDA6500D7B51B /* Assets.xcassets in Resources */ = {isa = PBXBuildFile; fileRef = 0C15E86E2C8BDA6500D7B51B /* Assets.xcassets */; };
		0C15E8732C8BDA6500D7B51B /* WordOfTheDayWidgetExtension.appex in Embed Foundation Extensions */ = {isa = PBXBuildFile; fileRef = 0C15E8642C8BDA6300D7B51B /* WordOfTheDayWidgetExtension.appex */; settings = {ATTRIBUTES = (RemoveHeadersOnCopy, ); }; };
		0C1D67052A5DC21400EAAD30 /* ChineseWordOfTheDayApp.swift in Sources */ = {isa = PBXBuildFile; fileRef = 0C1D67042A5DC21400EAAD30 /* ChineseWordOfTheDayApp.swift */; };
		0C1D67072A5DC21400EAAD30 /* ContentView.swift in Sources */ = {isa = PBXBuildFile; fileRef = 0C1D67062A5DC21400EAAD30 /* ContentView.swift */; };
		0C1D67092A5DC21500EAAD30 /* Assets.xcassets in Resources */ = {isa = PBXBuildFile; fileRef = 0C1D67082A5DC21500EAAD30 /* Assets.xcassets */; };
		0C1D670C2A5DC21500EAAD30 /* Preview Assets.xcassets in Resources */ = {isa = PBXBuildFile; fileRef = 0C1D670B2A5DC21500EAAD30 /* Preview Assets.xcassets */; };
		0C27F55A2E6A402F002397A2 /* LearningProgressBar.swift in Sources */ = {isa = PBXBuildFile; fileRef = 0C27F5592E6A402F002397A2 /* LearningProgressBar.swift */; };
		0C45D4DD2E331E2C006AD0EF /* Persistence.framework in Frameworks */ = {isa = PBXBuildFile; fileRef = 0CBAF48F2D95ED8D00488D5A /* Persistence.framework */; };
		0C4858C62A71992100AF96C2 /* GeometryReaderCentered.swift in Sources */ = {isa = PBXBuildFile; fileRef = 0C4858C52A71992100AF96C2 /* GeometryReaderCentered.swift */; };
		0C4858C82A71992E00AF96C2 /* WordView.swift in Sources */ = {isa = PBXBuildFile; fileRef = 0C4858C72A71992E00AF96C2 /* WordView.swift */; };
		0C7461EB2EECA26100475537 /* WordService.swift in Sources */ = {isa = PBXBuildFile; fileRef = 0C7461EA2EECA26000475537 /* WordService.swift */; };
		0C85179D2DF76CD600004774 /* WordDetail.swift in Sources */ = {isa = PBXBuildFile; fileRef = 0C85179C2DF76CD600004774 /* WordDetail.swift */; };
		0C8517A12DF79EA500004774 /* SettingsView.swift in Sources */ = {isa = PBXBuildFile; fileRef = 0C8517A02DF79EA500004774 /* SettingsView.swift */; };
		0CAE8D162CC426A9008954BB /* UserDefaults.swift in Sources */ = {isa = PBXBuildFile; fileRef = 0CAE8D152CC426A9008954BB /* UserDefaults.swift */; };
		0CAE8D172CC426A9008954BB /* UserDefaults.swift in Sources */ = {isa = PBXBuildFile; fileRef = 0CAE8D152CC426A9008954BB /* UserDefaults.swift */; };
		0CB6B3512B2B84220008DC54 /* DevelopmentFunctions.swift in Sources */ = {isa = PBXBuildFile; fileRef = 0CB6B3502B2B84220008DC54 /* DevelopmentFunctions.swift */; };
		0CBAF4A22D95ED8D00488D5A /* Persistence.framework in Frameworks */ = {isa = PBXBuildFile; fileRef = 0CBAF48F2D95ED8D00488D5A /* Persistence.framework */; };
		0CBAF4A32D95ED8D00488D5A /* Persistence.framework in Embed Frameworks */ = {isa = PBXBuildFile; fileRef = 0CBAF48F2D95ED8D00488D5A /* Persistence.framework */; settings = {ATTRIBUTES = (CodeSignOnCopy, RemoveHeadersOnCopy, ); }; };
		0CBF393D2DA59E5100E6C867 /* CoreDataModels.framework in Frameworks */ = {isa = PBXBuildFile; fileRef = 0CBF39372DA59E5100E6C867 /* CoreDataModels.framework */; };
		0CBF393E2DA59E5100E6C867 /* CoreDataModels.framework in Embed Frameworks */ = {isa = PBXBuildFile; fileRef = 0CBF39372DA59E5100E6C867 /* CoreDataModels.framework */; settings = {ATTRIBUTES = (CodeSignOnCopy, RemoveHeadersOnCopy, ); }; };
		0CBF395E2DA59FAC00E6C867 /* CoreDataModels.framework in Frameworks */ = {isa = PBXBuildFile; fileRef = 0CBF39372DA59E5100E6C867 /* CoreDataModels.framework */; };
		0CBF39632DA5A17B00E6C867 /* CoreDataModels.framework in Frameworks */ = {isa = PBXBuildFile; fileRef = 0CBF39372DA59E5100E6C867 /* CoreDataModels.framework */; };
		0CBF7EF72F61F451000CA6B2 /* WordView.swift in Sources */ = {isa = PBXBuildFile; fileRef = 0C4858C72A71992E00AF96C2 /* WordView.swift */; };
		0CBF7EF82F61F54E000CA6B2 /* GeometryReaderCentered.swift in Sources */ = {isa = PBXBuildFile; fileRef = 0C4858C52A71992100AF96C2 /* GeometryReaderCentered.swift */; };
		0CE372942E6A72D60046AB6F /* output.json in Resources */ = {isa = PBXBuildFile; fileRef = 0CE372932E6A72D60046AB6F /* output.json */; };
		0CECCDAB2B6D79DA000DF958 /* KnownButton.swift in Sources */ = {isa = PBXBuildFile; fileRef = 0CECCDAA2B6D79DA000DF958 /* KnownButton.swift */; };
/* End PBXBuildFile section */

/* Begin PBXContainerItemProxy section */
		0C15E8712C8BDA6500D7B51B /* PBXContainerItemProxy */ = {
			isa = PBXContainerItemProxy;
			containerPortal = 0C1D66F92A5DC21300EAAD30 /* Project object */;
			proxyType = 1;
			remoteGlobalIDString = 0C15E8632C8BDA6300D7B51B;
			remoteInfo = WordOfTheDayWidgetExtension;
		};
		0C45D4DF2E331E2C006AD0EF /* PBXContainerItemProxy */ = {
			isa = PBXContainerItemProxy;
			containerPortal = 0C1D66F92A5DC21300EAAD30 /* Project object */;
			proxyType = 1;
			remoteGlobalIDString = 0CBAF48E2D95ED8D00488D5A;
			remoteInfo = Persistence;
		};
		0C7462052EECA4F100475537 /* PBXContainerItemProxy */ = {
			isa = PBXContainerItemProxy;
			containerPortal = 0C1D66F92A5DC21300EAAD30 /* Project object */;
			proxyType = 1;
			remoteGlobalIDString = 0C1D67002A5DC21400EAAD30;
			remoteInfo = ChineseWordOfTheDay;
		};
		0CBAF4A02D95ED8D00488D5A /* PBXContainerItemProxy */ = {
			isa = PBXContainerItemProxy;
			containerPortal = 0C1D66F92A5DC21300EAAD30 /* Project object */;
			proxyType = 1;
			remoteGlobalIDString = 0CBAF48E2D95ED8D00488D5A;
			remoteInfo = Persistence;
		};
		0CBF393B2DA59E5100E6C867 /* PBXContainerItemProxy */ = {
			isa = PBXContainerItemProxy;
			containerPortal = 0C1D66F92A5DC21300EAAD30 /* Project object */;
			proxyType = 1;
			remoteGlobalIDString = 0CBF39362DA59E5100E6C867;
			remoteInfo = CoreDataModels;
		};
		0CBF39602DA59FAC00E6C867 /* PBXContainerItemProxy */ = {
			isa = PBXContainerItemProxy;
			containerPortal = 0C1D66F92A5DC21300EAAD30 /* Project object */;
			proxyType = 1;
			remoteGlobalIDString = 0CBF39362DA59E5100E6C867;
			remoteInfo = CoreDataModels;
		};
		0CBF39652DA5A17B00E6C867 /* PBXContainerItemProxy */ = {
			isa = PBXContainerItemProxy;
			containerPortal = 0C1D66F92A5DC21300EAAD30 /* Project object */;
			proxyType = 1;
			remoteGlobalIDString = 0CBF39362DA59E5100E6C867;
			remoteInfo = CoreDataModels;
		};
/* End PBXContainerItemProxy section */

/* Begin PBXCopyFilesBuildPhase section */
		0C15E8742C8BDA6500D7B51B /* Embed Foundation Extensions */ = {
			isa = PBXCopyFilesBuildPhase;
			buildActionMask = 2147483647;
			dstPath = "";
			dstSubfolderSpec = 13;
			files = (
				0C15E8732C8BDA6500D7B51B /* WordOfTheDayWidgetExtension.appex in Embed Foundation Extensions */,
			);
			name = "Embed Foundation Extensions";
			runOnlyForDeploymentPostprocessing = 0;
		};
		0CBF39622DA59FAC00E6C867 /* Embed Frameworks */ = {
			isa = PBXCopyFilesBuildPhase;
			buildActionMask = 2147483647;
			dstPath = "";
			dstSubfolderSpec = 10;
			files = (
			);
			name = "Embed Frameworks";
			runOnlyForDeploymentPostprocessing = 0;
		};
		0CBF39672DA5A17B00E6C867 /* Embed Frameworks */ = {
			isa = PBXCopyFilesBuildPhase;
			buildActionMask = 2147483647;
			dstPath = "";
			dstSubfolderSpec = 10;
			files = (
			);
			name = "Embed Frameworks";
			runOnlyForDeploymentPostprocessing = 0;
		};
		0CD09E482A5DC7E1005C97F1 /* Embed Frameworks */ = {
			isa = PBXCopyFilesBuildPhase;
			buildActionMask = 2147483647;
			dstPath = "";
			dstSubfolderSpec = 10;
			files = (
				0CBAF4A32D95ED8D00488D5A /* Persistence.framework in Embed Frameworks */,
				0CBF393E2DA59E5100E6C867 /* CoreDataModels.framework in Embed Frameworks */,
			);
			name = "Embed Frameworks";
			runOnlyForDeploymentPostprocessing = 0;
		};
/* End PBXCopyFilesBuildPhase section */

/* Begin PBXFileReference section */
		0C05B10B2DFA39DD009F6120 /* Misc.swift */ = {isa = PBXFileReference; lastKnownFileType = sourcecode.swift; path = Misc.swift; sourceTree = "<group>"; };
		0C0BDB112F67896100AA043A /* WidgetPreviewData.swift */ = {isa = PBXFileReference; lastKnownFileType = sourcecode.swift; path = WidgetPreviewData.swift; sourceTree = "<group>"; };
		0C0BDB172F678BEB00AA043A /* SmallWordWidgetView.swift */ = {isa = PBXFileReference; lastKnownFileType = sourcecode.swift; path = SmallWordWidgetView.swift; sourceTree = "<group>"; };
		0C0BDB192F678D2400AA043A /* ResizingCharacterText.swift */ = {isa = PBXFileReference; lastKnownFileType = sourcecode.swift; path = ResizingCharacterText.swift; sourceTree = "<group>"; };
		0C0BDB1B2F678D3200AA043A /* MediumWordWidgetView.swift */ = {isa = PBXFileReference; lastKnownFileType = sourcecode.swift; path = MediumWordWidgetView.swift; sourceTree = "<group>"; };
		0C0BDB1D2F678D4000AA043A /* InlineWordWidgetView.swift */ = {isa = PBXFileReference; lastKnownFileType = sourcecode.swift; path = InlineWordWidgetView.swift; sourceTree = "<group>"; };
		0C0BDB1F2F678D4F00AA043A /* CircularWordWidgetView.swift */ = {isa = PBXFileReference; lastKnownFileType = sourcecode.swift; path = CircularWordWidgetView.swift; sourceTree = "<group>"; };
		0C0BDB212F678D5E00AA043A /* RectangularWordWidgetView.swift */ = {isa = PBXFileReference; lastKnownFileType = sourcecode.swift; path = RectangularWordWidgetView.swift; sourceTree = "<group>"; };
		0C0BDB232F678DAB00AA043A /* WordEntry.swift */ = {isa = PBXFileReference; lastKnownFileType = sourcecode.swift; path = WordEntry.swift; sourceTree = "<group>"; };
		0C0BDB252F679A9F00AA043A /* WordOfTheDayWidgetEntryView.swift */ = {isa = PBXFileReference; lastKnownFileType = sourcecode.swift; path = WordOfTheDayWidgetEntryView.swift; sourceTree = "<group>"; };
		0C15E8642C8BDA6300D7B51B /* WordOfTheDayWidgetExtension.appex */ = {isa = PBXFileReference; explicitFileType = "wrapper.app-extension"; includeInIndex = 0; path = WordOfTheDayWidgetExtension.appex; sourceTree = BUILT_PRODUCTS_DIR; };
		0C15E8652C8BDA6300D7B51B /* WidgetKit.framework */ = {isa = PBXFileReference; lastKnownFileType = wrapper.framework; name = WidgetKit.framework; path = System/Library/Frameworks/WidgetKit.framework; sourceTree = SDKROOT; };
		0C15E8672C8BDA6400D7B51B /* SwiftUI.framework */ = {isa = PBXFileReference; lastKnownFileType = wrapper.framework; name = SwiftUI.framework; path = System/Library/Frameworks/SwiftUI.framework; sourceTree = SDKROOT; };
		0C15E86A2C8BDA6400D7B51B /* WordOfTheDayWidgetBundle.swift */ = {isa = PBXFileReference; lastKnownFileType = sourcecode.swift; path = WordOfTheDayWidgetBundle.swift; sourceTree = "<group>"; };
		0C15E86C2C8BDA6400D7B51B /* WordOfTheDayWidget.swift */ = {isa = PBXFileReference; lastKnownFileType = sourcecode.swift; path = WordOfTheDayWidget.swift; sourceTree = "<group>"; };
		0C15E86E2C8BDA6500D7B51B /* Assets.xcassets */ = {isa = PBXFileReference; lastKnownFileType = folder.assetcatalog; path = Assets.xcassets; sourceTree = "<group>"; };
		0C15E8702C8BDA6500D7B51B /* Info.plist */ = {isa = PBXFileReference; lastKnownFileType = text.plist.xml; path = Info.plist; sourceTree = "<group>"; };
		0C1D67012A5DC21400EAAD30 /* ChineseWordOfTheDay.app */ = {isa = PBXFileReference; explicitFileType = wrapper.application; includeInIndex = 0; path = ChineseWordOfTheDay.app; sourceTree = BUILT_PRODUCTS_DIR; };
		0C1D67042A5DC21400EAAD30 /* ChineseWordOfTheDayApp.swift */ = {isa = PBXFileReference; lastKnownFileType = sourcecode.swift; path = ChineseWordOfTheDayApp.swift; sourceTree = "<group>"; };
		0C1D67062A5DC21400EAAD30 /* ContentView.swift */ = {isa = PBXFileReference; lastKnownFileType = sourcecode.swift; path = ContentView.swift; sourceTree = "<group>"; };
		0C1D67082A5DC21500EAAD30 /* Assets.xcassets */ = {isa = PBXFileReference; lastKnownFileType = folder.assetcatalog; path = Assets.xcassets; sourceTree = "<group>"; };
		0C1D670B2A5DC21500EAAD30 /* Preview Assets.xcassets */ = {isa = PBXFileReference; lastKnownFileType = folder.assetcatalog; path = "Preview Assets.xcassets"; sourceTree = "<group>"; };
		0C27F5592E6A402F002397A2 /* LearningProgressBar.swift */ = {isa = PBXFileReference; lastKnownFileType = sourcecode.swift; path = LearningProgressBar.swift; sourceTree = "<group>"; };
		0C4726702CAF1DB90014E288 /* WordOfTheDayWidgetExtension.entitlements */ = {isa = PBXFileReference; lastKnownFileType = text.plist.entitlements; path = WordOfTheDayWidgetExtension.entitlements; sourceTree = "<group>"; };
		0C4858C52A71992100AF96C2 /* GeometryReaderCentered.swift */ = {isa = PBXFileReference; fileEncoding = 4; lastKnownFileType = sourcecode.swift; path = GeometryReaderCentered.swift; sourceTree = "<group>"; };
		0C4858C72A71992E00AF96C2 /* WordView.swift */ = {isa = PBXFileReference; fileEncoding = 4; lastKnownFileType = sourcecode.swift; path = WordView.swift; sourceTree = "<group>"; };
		0C7461EA2EECA26000475537 /* WordService.swift */ = {isa = PBXFileReference; lastKnownFileType = sourcecode.swift; path = WordService.swift; sourceTree = "<group>"; };
		0C7462012EECA4F100475537 /* ChineseWordOfTheDayTests.xctest */ = {isa = PBXFileReference; explicitFileType = wrapper.cfbundle; includeInIndex = 0; path = ChineseWordOfTheDayTests.xctest; sourceTree = BUILT_PRODUCTS_DIR; };
		0C7914132DA58E3E00C4883D /* CoreDataModels */ = {isa = PBXFileReference; lastKnownFileType = wrapper; name = CoreDataModels; path = Packages/CoreDataModels; sourceTree = "<group>"; };
		0C7E2DB32B3283690005224E /* ChineseWordOfTheDay.xctestplan */ = {isa = PBXFileReference; lastKnownFileType = text; path = ChineseWordOfTheDay.xctestplan; sourceTree = "<group>"; };
		0C85179C2DF76CD600004774 /* WordDetail.swift */ = {isa = PBXFileReference; lastKnownFileType = sourcecode.swift; path = WordDetail.swift; sourceTree = "<group>"; };
		0C8517A02DF79EA500004774 /* SettingsView.swift */ = {isa = PBXFileReference; lastKnownFileType = sourcecode.swift; path = SettingsView.swift; sourceTree = "<group>"; };
		0CAE8D152CC426A9008954BB /* UserDefaults.swift */ = {isa = PBXFileReference; lastKnownFileType = sourcecode.swift; path = UserDefaults.swift; sourceTree = "<group>"; };
		0CB6B3502B2B84220008DC54 /* DevelopmentFunctions.swift */ = {isa = PBXFileReference; lastKnownFileType = sourcecode.swift; path = DevelopmentFunctions.swift; sourceTree = "<group>"; };
		0CBAF48F2D95ED8D00488D5A /* Persistence.framework */ = {isa = PBXFileReference; explicitFileType = wrapper.framework; includeInIndex = 0; path = Persistence.framework; sourceTree = BUILT_PRODUCTS_DIR; };
		0CBF39372DA59E5100E6C867 /* CoreDataModels.framework */ = {isa = PBXFileReference; explicitFileType = wrapper.framework; includeInIndex = 0; path = CoreDataModels.framework; sourceTree = BUILT_PRODUCTS_DIR; };
		0CE372932E6A72D60046AB6F /* output.json */ = {isa = PBXFileReference; lastKnownFileType = text.json; path = output.json; sourceTree = "<group>"; };
		0CEB89B62E6BA7FB001F1E67 /* WordModel.sqlite */ = {isa = PBXFileReference; lastKnownFileType = file; path = WordModel.sqlite; sourceTree = "<group>"; };
		0CEBE9C22B17BF5400650626 /* ChineseWordOfTheDay.entitlements */ = {isa = PBXFileReference; lastKnownFileType = text.plist.entitlements; path = ChineseWordOfTheDay.entitlements; sourceTree = "<group>"; };
		0CEBE9C32B17C21500650626 /* Info.plist */ = {isa = PBXFileReference; lastKnownFileType = text.plist.xml; path = Info.plist; sourceTree = "<group>"; };
		0CECCDAA2B6D79DA000DF958 /* KnownButton.swift */ = {isa = PBXFileReference; lastKnownFileType = sourcecode.swift; path = KnownButton.swift; sourceTree = "<group>"; };
/* End PBXFileReference section */

/* Begin PBXFileSystemSynchronizedBuildFileExceptionSet section */
		0CBAF4A42D95ED8D00488D5A /* PBXFileSystemSynchronizedBuildFileExceptionSet */ = {
			isa = PBXFileSystemSynchronizedBuildFileExceptionSet;
			publicHeaders = (
				Persistence.h,
			);
			target = 0CBAF48E2D95ED8D00488D5A /* Persistence */;
		};
		0CBF39422DA59E5100E6C867 /* PBXFileSystemSynchronizedBuildFileExceptionSet */ = {
			isa = PBXFileSystemSynchronizedBuildFileExceptionSet;
			publicHeaders = (
				CoreDataModels.h,
			);
			target = 0CBF39362DA59E5100E6C867 /* CoreDataModels */;
		};
/* End PBXFileSystemSynchronizedBuildFileExceptionSet section */

/* Begin PBXFileSystemSynchronizedRootGroup section */
		0C7461F32EECA3EC00475537 /* ChineseWordOfTheDayTests */ = {isa = PBXFileSystemSynchronizedRootGroup; explicitFileTypes = {}; explicitFolders = (); path = ChineseWordOfTheDayTests; sourceTree = "<group>"; };
		0C7462022EECA4F100475537 /* ChineseWordOfTheDayTests */ = {isa = PBXFileSystemSynchronizedRootGroup; explicitFileTypes = {}; explicitFolders = (); path = ChineseWordOfTheDayTests; sourceTree = "<group>"; };
		0CBAF4902D95ED8D00488D5A /* Persistence */ = {isa = PBXFileSystemSynchronizedRootGroup; exceptions = (0CBAF4A42D95ED8D00488D5A /* PBXFileSystemSynchronizedBuildFileExceptionSet */, ); explicitFileTypes = {}; explicitFolders = (); path = Persistence; sourceTree = "<group>"; };
		0CBF39382DA59E5100E6C867 /* CoreDataModels */ = {isa = PBXFileSystemSynchronizedRootGroup; exceptions = (0CBF39422DA59E5100E6C867 /* PBXFileSystemSynchronizedBuildFileExceptionSet */, ); explicitFileTypes = {}; explicitFolders = (); path = CoreDataModels; sourceTree = "<group>"; };
/* End PBXFileSystemSynchronizedRootGroup section */

/* Begin PBXFrameworksBuildPhase section */
		0C15E8612C8BDA6300D7B51B /* Frameworks */ = {
			isa = PBXFrameworksBuildPhase;
			buildActionMask = 2147483647;
			files = (
				0C15E8682C8BDA6400D7B51B /* SwiftUI.framework in Frameworks */,
				0CBF39632DA5A17B00E6C867 /* CoreDataModels.framework in Frameworks */,
				0C45D4DD2E331E2C006AD0EF /* Persistence.framework in Frameworks */,
				0C15E8662C8BDA6400D7B51B /* WidgetKit.framework in Frameworks */,
			);
			runOnlyForDeploymentPostprocessing = 0;
		};
		0C1D66FE2A5DC21400EAAD30 /* Frameworks */ = {
			isa = PBXFrameworksBuildPhase;
			buildActionMask = 2147483647;
			files = (
				0CBAF4A22D95ED8D00488D5A /* Persistence.framework in Frameworks */,
				0CBF393D2DA59E5100E6C867 /* CoreDataModels.framework in Frameworks */,
			);
			runOnlyForDeploymentPostprocessing = 0;
		};
		0C7461FE2EECA4F100475537 /* Frameworks */ = {
			isa = PBXFrameworksBuildPhase;
			buildActionMask = 2147483647;
			files = (
			);
			runOnlyForDeploymentPostprocessing = 0;
		};
		0CBAF48C2D95ED8D00488D5A /* Frameworks */ = {
			isa = PBXFrameworksBuildPhase;
			buildActionMask = 2147483647;
			files = (
				0CBF395E2DA59FAC00E6C867 /* CoreDataModels.framework in Frameworks */,
			);
			runOnlyForDeploymentPostprocessing = 0;
		};
		0CBF39342DA59E5100E6C867 /* Frameworks */ = {
			isa = PBXFrameworksBuildPhase;
			buildActionMask = 2147483647;
			files = (
			);
			runOnlyForDeploymentPostprocessing = 0;
		};
/* End PBXFrameworksBuildPhase section */

/* Begin PBXGroup section */
		0C15E8692C8BDA6400D7B51B /* WordOfTheDayWidget */ = {
			isa = PBXGroup;
			children = (
				0C15E86A2C8BDA6400D7B51B /* WordOfTheDayWidgetBundle.swift */,
				0C15E86C2C8BDA6400D7B51B /* WordOfTheDayWidget.swift */,
				0C0BDB252F679A9F00AA043A /* WordOfTheDayWidgetEntryView.swift */,
				0C0BDB232F678DAB00AA043A /* WordEntry.swift */,
				0C0BDB172F678BEB00AA043A /* SmallWordWidgetView.swift */,
				0C0BDB192F678D2400AA043A /* ResizingCharacterText.swift */,
				0C0BDB1B2F678D3200AA043A /* MediumWordWidgetView.swift */,
				0C0BDB1D2F678D4000AA043A /* InlineWordWidgetView.swift */,
				0C0BDB1F2F678D4F00AA043A /* CircularWordWidgetView.swift */,
				0C0BDB212F678D5E00AA043A /* RectangularWordWidgetView.swift */,
				0C0BDB112F67896100AA043A /* WidgetPreviewData.swift */,
				0C15E86E2C8BDA6500D7B51B /* Assets.xcassets */,
				0C15E8702C8BDA6500D7B51B /* Info.plist */,
			);
			path = WordOfTheDayWidget;
			sourceTree = "<group>";
		};
		0C1D66F82A5DC21300EAAD30 = {
			isa = PBXGroup;
			children = (
				0CEB89B62E6BA7FB001F1E67 /* WordModel.sqlite */,
				0C4726702CAF1DB90014E288 /* WordOfTheDayWidgetExtension.entitlements */,
				0C7E2DB32B3283690005224E /* ChineseWordOfTheDay.xctestplan */,
				0C1D67032A5DC21400EAAD30 /* ChineseWordOfTheDay */,
				0C15E8692C8BDA6400D7B51B /* WordOfTheDayWidget */,
				0C7461F32EECA3EC00475537 /* ChineseWordOfTheDayTests */,
				0C7462022EECA4F100475537 /* ChineseWordOfTheDayTests */,
				0C1D67022A5DC21400EAAD30 /* Products */,
				0CD09E722A5DCC5A005C97F1 /* Frameworks */,
				0CBF39432DA59E5700E6C867 /* MYFrameworks */,
			);
			sourceTree = "<group>";
		};
		0C1D67022A5DC21400EAAD30 /* Products */ = {
			isa = PBXGroup;
			children = (
				0C1D67012A5DC21400EAAD30 /* ChineseWordOfTheDay.app */,
				0C15E8642C8BDA6300D7B51B /* WordOfTheDayWidgetExtension.appex */,
				0CBAF48F2D95ED8D00488D5A /* Persistence.framework */,
				0CBF39372DA59E5100E6C867 /* CoreDataModels.framework */,
				0C7462012EECA4F100475537 /* ChineseWordOfTheDayTests.xctest */,
			);
			name = Products;
			sourceTree = "<group>";
		};
		0C1D67032A5DC21400EAAD30 /* ChineseWordOfTheDay */ = {
			isa = PBXGroup;
			children = (
				0CEBE9C32B17C21500650626 /* Info.plist */,
				0CEBE9C22B17BF5400650626 /* ChineseWordOfTheDay.entitlements */,
				0C1D670A2A5DC21500EAAD30 /* Preview Content */,
				0C22FF472AF56FDD00913EC3 /* Views */,
				0CB6B3732B2BCE060008DC54 /* Helpers */,
				0CEEEE642A70571400262651 /* Resources */,
				0C1D67082A5DC21500EAAD30 /* Assets.xcassets */,
			);
			path = ChineseWordOfTheDay;
			sourceTree = "<group>";
		};
		0C1D670A2A5DC21500EAAD30 /* Preview Content */ = {
			isa = PBXGroup;
			children = (
				0C1D670B2A5DC21500EAAD30 /* Preview Assets.xcassets */,
			);
			path = "Preview Content";
			sourceTree = "<group>";
		};
		0C22FF472AF56FDD00913EC3 /* Views */ = {
			isa = PBXGroup;
			children = (
				0C1D67042A5DC21400EAAD30 /* ChineseWordOfTheDayApp.swift */,
				0C8517A22DFA274800004774 /* Components */,
				0C1D67062A5DC21400EAAD30 /* ContentView.swift */,
				0C8517A02DF79EA500004774 /* SettingsView.swift */,
				0C85179C2DF76CD600004774 /* WordDetail.swift */,
				0C4858C72A71992E00AF96C2 /* WordView.swift */,
			);
			path = Views;
			sourceTree = "<group>";
		};
		0C8517A22DFA274800004774 /* Components */ = {
			isa = PBXGroup;
			children = (
				0C27F5592E6A402F002397A2 /* LearningProgressBar.swift */,
				0CECCDAA2B6D79DA000DF958 /* KnownButton.swift */,
				0C4858C52A71992100AF96C2 /* GeometryReaderCentered.swift */,
			);
			path = Components;
			sourceTree = "<group>";
		};
		0CB6B3732B2BCE060008DC54 /* Helpers */ = {
			isa = PBXGroup;
			children = (
				0C05B10B2DFA39DD009F6120 /* Misc.swift */,
				0CB6B3502B2B84220008DC54 /* DevelopmentFunctions.swift */,
				0CAE8D152CC426A9008954BB /* UserDefaults.swift */,
				0C7461EA2EECA26000475537 /* WordService.swift */,
			);
			path = Helpers;
			sourceTree = "<group>";
		};
		0CBF39432DA59E5700E6C867 /* MYFrameworks */ = {
			isa = PBXGroup;
			children = (
				0CBAF4902D95ED8D00488D5A /* Persistence */,
				0CBF39382DA59E5100E6C867 /* CoreDataModels */,
			);
			path = MYFrameworks;
			sourceTree = "<group>";
		};
		0CD09E722A5DCC5A005C97F1 /* Frameworks */ = {
			isa = PBXGroup;
			children = (
				0C7914132DA58E3E00C4883D /* CoreDataModels */,
				0C15E8652C8BDA6300D7B51B /* WidgetKit.framework */,
				0C15E8672C8BDA6400D7B51B /* SwiftUI.framework */,
			);
			name = Frameworks;
			sourceTree = "<group>";
		};
		0CEEEE642A70571400262651 /* Resources */ = {
			isa = PBXGroup;
			children = (
				0CE372932E6A72D60046AB6F /* output.json */,
			);
			path = Resources;
			sourceTree = "<group>";
		};
/* End PBXGroup section */

/* Begin PBXHeadersBuildPhase section */
		0CBAF48A2D95ED8D00488D5A /* Headers */ = {
			isa = PBXHeadersBuildPhase;
			buildActionMask = 2147483647;
			files = (
			);
			runOnlyForDeploymentPostprocessing = 0;
		};
		0CBF39322DA59E5100E6C867 /* Headers */ = {
			isa = PBXHeadersBuildPhase;
			buildActionMask = 2147483647;
			files = (
			);
			runOnlyForDeploymentPostprocessing = 0;
		};
/* End PBXHeadersBuildPhase section */

/* Begin PBXNativeTarget section */
		0C15E8632C8BDA6300D7B51B /* WordOfTheDayWidgetExtension */ = {
			isa = PBXNativeTarget;
			buildConfigurationList = 0C15E8772C8BDA6500D7B51B /* Build configuration list for PBXNativeTarget "WordOfTheDayWidgetExtension" */;
			buildPhases = (
				0C15E8602C8BDA6300D7B51B /* Sources */,
				0C15E8612C8BDA6300D7B51B /* Frameworks */,
				0C15E8622C8BDA6300D7B51B /* Resources */,
				0CBF39672DA5A17B00E6C867 /* Embed Frameworks */,
			);
			buildRules = (
			);
			dependencies = (
				0CBF39662DA5A17B00E6C867 /* PBXTargetDependency */,
				0C45D4E02E331E2C006AD0EF /* PBXTargetDependency */,
			);
			name = WordOfTheDayWidgetExtension;
			productName = WordOfTheDayWidgetExtension;
			productReference = 0C15E8642C8BDA6300D7B51B /* WordOfTheDayWidgetExtension.appex */;
			productType = "com.apple.product-type.app-extension";
		};
		0C1D67002A5DC21400EAAD30 /* ChineseWordOfTheDay */ = {
			isa = PBXNativeTarget;
			buildConfigurationList = 0C1D670F2A5DC21500EAAD30 /* Build configuration list for PBXNativeTarget "ChineseWordOfTheDay" */;
			buildPhases = (
				0C1D66FD2A5DC21400EAAD30 /* Sources */,
				0C1D66FE2A5DC21400EAAD30 /* Frameworks */,
				0C1D66FF2A5DC21400EAAD30 /* Resources */,
				0CD09E482A5DC7E1005C97F1 /* Embed Frameworks */,
				0C15E8742C8BDA6500D7B51B /* Embed Foundation Extensions */,
			);
			buildRules = (
			);
			dependencies = (
				0C15E8722C8BDA6500D7B51B /* PBXTargetDependency */,
				0CBAF4A12D95ED8D00488D5A /* PBXTargetDependency */,
				0CBF393C2DA59E5100E6C867 /* PBXTargetDependency */,
			);
			name = ChineseWordOfTheDay;
			productName = ChineseWordOfTheDay;
			productReference = 0C1D67012A5DC21400EAAD30 /* ChineseWordOfTheDay.app */;
			productType = "com.apple.product-type.application";
		};
		0C7462002EECA4F100475537 /* ChineseWordOfTheDayTests */ = {
			isa = PBXNativeTarget;
			buildConfigurationList = 0C7462072EECA4F200475537 /* Build configuration list for PBXNativeTarget "ChineseWordOfTheDayTests" */;
			buildPhases = (
				0C7461FD2EECA4F100475537 /* Sources */,
				0C7461FE2EECA4F100475537 /* Frameworks */,
				0C7461FF2EECA4F100475537 /* Resources */,
			);
			buildRules = (
			);
			dependencies = (
				0C7462062EECA4F100475537 /* PBXTargetDependency */,
			);
			fileSystemSynchronizedGroups = (
				0C7462022EECA4F100475537 /* ChineseWordOfTheDayTests */,
			);
			name = ChineseWordOfTheDayTests;
			packageProductDependencies = (
			);
			productName = ChineseWordOfTheDayTests;
			productReference = 0C7462012EECA4F100475537 /* ChineseWordOfTheDayTests.xctest */;
			productType = "com.apple.product-type.bundle.unit-test";
		};
		0CBAF48E2D95ED8D00488D5A /* Persistence */ = {
			isa = PBXNativeTarget;
			buildConfigurationList = 0CBAF4A52D95ED8D00488D5A /* Build configuration list for PBXNativeTarget "Persistence" */;
			buildPhases = (
				0CBAF48A2D95ED8D00488D5A /* Headers */,
				0CBAF48B2D95ED8D00488D5A /* Sources */,
				0CBAF48C2D95ED8D00488D5A /* Frameworks */,
				0CBAF48D2D95ED8D00488D5A /* Resources */,
				0CBF39622DA59FAC00E6C867 /* Embed Frameworks */,
			);
			buildRules = (
			);
			dependencies = (
				0CBF39612DA59FAC00E6C867 /* PBXTargetDependency */,
			);
			fileSystemSynchronizedGroups = (
				0CBAF4902D95ED8D00488D5A /* Persistence */,
			);
			name = Persistence;
			packageProductDependencies = (
			);
			productName = Persistence;
			productReference = 0CBAF48F2D95ED8D00488D5A /* Persistence.framework */;
			productType = "com.apple.product-type.framework";
		};
		0CBF39362DA59E5100E6C867 /* CoreDataModels */ = {
			isa = PBXNativeTarget;
			buildConfigurationList = 0CBF393F2DA59E5100E6C867 /* Build configuration list for PBXNativeTarget "CoreDataModels" */;
			buildPhases = (
				0CBF39322DA59E5100E6C867 /* Headers */,
				0CBF39332DA59E5100E6C867 /* Sources */,
				0CBF39342DA59E5100E6C867 /* Frameworks */,
				0CBF39352DA59E5100E6C867 /* Resources */,
			);
			buildRules = (
			);
			dependencies = (
			);
			fileSystemSynchronizedGroups = (
				0CBF39382DA59E5100E6C867 /* CoreDataModels */,
			);
			name = CoreDataModels;
			packageProductDependencies = (
			);
			productName = CoreDataModels;
			productReference = 0CBF39372DA59E5100E6C867 /* CoreDataModels.framework */;
			productType = "com.apple.product-type.framework";
		};
/* End PBXNativeTarget section */

/* Begin PBXProject section */
		0C1D66F92A5DC21300EAAD30 /* Project object */ = {
			isa = PBXProject;
			attributes = {
				BuildIndependentTargetsInParallel = 1;
				LastSwiftUpdateCheck = 2610;
				LastUpgradeCheck = 2600;
				TargetAttributes = {
					0C15E8632C8BDA6300D7B51B = {
						CreatedOnToolsVersion = 15.0.1;
					};
					0C1D67002A5DC21400EAAD30 = {
						CreatedOnToolsVersion = 15.0;
					};
					0C7462002EECA4F100475537 = {
						CreatedOnToolsVersion = 26.1.1;
						TestTargetID = 0C1D67002A5DC21400EAAD30;
					};
					0CBAF48E2D95ED8D00488D5A = {
						CreatedOnToolsVersion = 16.2;
					};
					0CBF39362DA59E5100E6C867 = {
						CreatedOnToolsVersion = 16.2;
						LastSwiftMigration = 1620;
					};
				};
			};
			buildConfigurationList = 0C1D66FC2A5DC21300EAAD30 /* Build configuration list for PBXProject "ChineseWordOfTheDay" */;
			compatibilityVersion = "Xcode 14.0";
			developmentRegion = en;
			hasScannedForEncodings = 0;
			knownRegions = (
				en,
				Base,
			);
			mainGroup = 0C1D66F82A5DC21300EAAD30;
			packageReferences = (
				0C7850DE2D8CB0CF00741F38 /* XCLocalSwiftPackageReference "Packages/WordBuilder" */,
				0C7850E02D8CB10F00741F38 /* XCLocalSwiftPackageReference "Packages/MYPersistence" */,
			);
			productRefGroup = 0C1D67022A5DC21400EAAD30 /* Products */;
			projectDirPath = "";
			projectRoot = "";
			targets = (
				0C1D67002A5DC21400EAAD30 /* ChineseWordOfTheDay */,
				0C15E8632C8BDA6300D7B51B /* WordOfTheDayWidgetExtension */,
				0CBAF48E2D95ED8D00488D5A /* Persistence */,
				0CBF39362DA59E5100E6C867 /* CoreDataModels */,
				0C7462002EECA4F100475537 /* ChineseWordOfTheDayTests */,
			);
		};
/* End PBXProject section */

/* Begin PBXResourcesBuildPhase section */
		0C15E8622C8BDA6300D7B51B /* Resources */ = {
			isa = PBXResourcesBuildPhase;
			buildActionMask = 2147483647;
			files = (
				0C15E86F2C8BDA6500D7B51B /* Assets.xcassets in Resources */,
			);
			runOnlyForDeploymentPostprocessing = 0;
		};
		0C1D66FF2A5DC21400EAAD30 /* Resources */ = {
			isa = PBXResourcesBuildPhase;
			buildActionMask = 2147483647;
			files = (
				0CE372942E6A72D60046AB6F /* output.json in Resources */,
				0C1D670C2A5DC21500EAAD30 /* Preview Assets.xcassets in Resources */,
				0C1D67092A5DC21500EAAD30 /* Assets.xcassets in Resources */,
			);
			runOnlyForDeploymentPostprocessing = 0;
		};
		0C7461FF2EECA4F100475537 /* Resources */ = {
			isa = PBXResourcesBuildPhase;
			buildActionMask = 2147483647;
			files = (
			);
			runOnlyForDeploymentPostprocessing = 0;
		};
		0CBAF48D2D95ED8D00488D5A /* Resources */ = {
			isa = PBXResourcesBuildPhase;
			buildActionMask = 2147483647;
			files = (
			);
			runOnlyForDeploymentPostprocessing = 0;
		};
		0CBF39352DA59E5100E6C867 /* Resources */ = {
			isa = PBXResourcesBuildPhase;
			buildActionMask = 2147483647;
			files = (
			);
			runOnlyForDeploymentPostprocessing = 0;
		};
/* End PBXResourcesBuildPhase section */

/* Begin PBXSourcesBuildPhase section */
		0C15E8602C8BDA6300D7B51B /* Sources */ = {
			isa = PBXSourcesBuildPhase;
			buildActionMask = 2147483647;
			files = (
				0C0BDB242F678DAB00AA043A /* WordEntry.swift in Sources */,
				0C0BDB1E2F678D4000AA043A /* InlineWordWidgetView.swift in Sources */,
				0C0BDB222F678D5E00AA043A /* RectangularWordWidgetView.swift in Sources */,
				0C0BDB182F678BEB00AA043A /* SmallWordWidgetView.swift in Sources */,
				0C0BDB202F678D4F00AA043A /* CircularWordWidgetView.swift in Sources */,
				0CBF7EF82F61F54E000CA6B2 /* GeometryReaderCentered.swift in Sources */,
				0C0BDB1C2F678D3200AA043A /* MediumWordWidgetView.swift in Sources */,
				0C0BDB262F679AA000AA043A /* WordOfTheDayWidgetEntryView.swift in Sources */,
				0CBF7EF72F61F451000CA6B2 /* WordView.swift in Sources */,
				0CAE8D172CC426A9008954BB /* UserDefaults.swift in Sources */,
				0C15E86B2C8BDA6400D7B51B /* WordOfTheDayWidgetBundle.swift in Sources */,
				0C0BDB1A2F678D2400AA043A /* ResizingCharacterText.swift in Sources */,
				0C0BDB122F67896100AA043A /* WidgetPreviewData.swift in Sources */,
				0C15E86D2C8BDA6400D7B51B /* WordOfTheDayWidget.swift in Sources */,
			);
			runOnlyForDeploymentPostprocessing = 0;
		};
		0C1D66FD2A5DC21400EAAD30 /* Sources */ = {
			isa = PBXSourcesBuildPhase;
			buildActionMask = 2147483647;
			files = (
				0C4858C62A71992100AF96C2 /* GeometryReaderCentered.swift in Sources */,
				0CAE8D162CC426A9008954BB /* UserDefaults.swift in Sources */,
				0C1D67072A5DC21400EAAD30 /* ContentView.swift in Sources */,
				0C4858C82A71992E00AF96C2 /* WordView.swift in Sources */,
				0CECCDAB2B6D79DA000DF958 /* KnownButton.swift in Sources */,
				0C1D67052A5DC21400EAAD30 /* ChineseWordOfTheDayApp.swift in Sources */,
				0C27F55A2E6A402F002397A2 /* LearningProgressBar.swift in Sources */,
				0C85179D2DF76CD600004774 /* WordDetail.swift in Sources */,
				0C7461EB2EECA26100475537 /* WordService.swift in Sources */,
				0CB6B3512B2B84220008DC54 /* DevelopmentFunctions.swift in Sources */,
				0C05B10C2DFA39E2009F6120 /* Misc.swift in Sources */,
				0C8517A12DF79EA500004774 /* SettingsView.swift in Sources */,
			);
			runOnlyForDeploymentPostprocessing = 0;
		};
		0C7461FD2EECA4F100475537 /* Sources */ = {
			isa = PBXSourcesBuildPhase;
			buildActionMask = 2147483647;
			files = (
			);
			runOnlyForDeploymentPostprocessing = 0;
		};
		0CBAF48B2D95ED8D00488D5A /* Sources */ = {
			isa = PBXSourcesBuildPhase;
			buildActionMask = 2147483647;
			files = (
			);
			runOnlyForDeploymentPostprocessing = 0;
		};
		0CBF39332DA59E5100E6C867 /* Sources */ = {
			isa = PBXSourcesBuildPhase;
			buildActionMask = 2147483647;
			files = (
			);
			runOnlyForDeploymentPostprocessing = 0;
		};
/* End PBXSourcesBuildPhase section */

/* Begin PBXTargetDependency section */
		0C15E8722C8BDA6500D7B51B /* PBXTargetDependency */ = {
			isa = PBXTargetDependency;
			target = 0C15E8632C8BDA6300D7B51B /* WordOfTheDayWidgetExtension */;
			targetProxy = 0C15E8712C8BDA6500D7B51B /* PBXContainerItemProxy */;
		};
		0C45D4E02E331E2C006AD0EF /* PBXTargetDependency */ = {
			isa = PBXTargetDependency;
			target = 0CBAF48E2D95ED8D00488D5A /* Persistence */;
			targetProxy = 0C45D4DF2E331E2C006AD0EF /* PBXContainerItemProxy */;
		};
		0C7462062EECA4F100475537 /* PBXTargetDependency */ = {
			isa = PBXTargetDependency;
			target = 0C1D67002A5DC21400EAAD30 /* ChineseWordOfTheDay */;
			targetProxy = 0C7462052EECA4F100475537 /* PBXContainerItemProxy */;
		};
		0CBAF4A12D95ED8D00488D5A /* PBXTargetDependency */ = {
			isa = PBXTargetDependency;
			target = 0CBAF48E2D95ED8D00488D5A /* Persistence */;
			targetProxy = 0CBAF4A02D95ED8D00488D5A /* PBXContainerItemProxy */;
		};
		0CBF393C2DA59E5100E6C867 /* PBXTargetDependency */ = {
			isa = PBXTargetDependency;
			target = 0CBF39362DA59E5100E6C867 /* CoreDataModels */;
			targetProxy = 0CBF393B2DA59E5100E6C867 /* PBXContainerItemProxy */;
		};
		0CBF39612DA59FAC00E6C867 /* PBXTargetDependency */ = {
			isa = PBXTargetDependency;
			target = 0CBF39362DA59E5100E6C867 /* CoreDataModels */;
			targetProxy = 0CBF39602DA59FAC00E6C867 /* PBXContainerItemProxy */;
		};
		0CBF39662DA5A17B00E6C867 /* PBXTargetDependency */ = {
			isa = PBXTargetDependency;
			target = 0CBF39362DA59E5100E6C867 /* CoreDataModels */;
			targetProxy = 0CBF39652DA5A17B00E6C867 /* PBXContainerItemProxy */;
		};
/* End PBXTargetDependency section */

/* Begin XCBuildConfiguration section */
		0C15E8752C8BDA6500D7B51B /* Debug */ = {
			isa = XCBuildConfiguration;
			buildSettings = {
				ASSETCATALOG_COMPILER_GLOBAL_ACCENT_COLOR_NAME = AccentColor;
				ASSETCATALOG_COMPILER_WIDGET_BACKGROUND_COLOR_NAME = WidgetBackground;
				CODE_SIGN_ENTITLEMENTS = WordOfTheDayWidgetExtension.entitlements;
				CODE_SIGN_STYLE = Automatic;
				CURRENT_PROJECT_VERSION = 1;
				GENERATE_INFOPLIST_FILE = YES;
				INFOPLIST_FILE = WordOfTheDayWidget/Info.plist;
				INFOPLIST_KEY_CFBundleDisplayName = WordOfTheDayWidget;
				INFOPLIST_KEY_NSHumanReadableCopyright = "";
				IPHONEOS_DEPLOYMENT_TARGET = 15.0;
				LD_RUNPATH_SEARCH_PATHS = (
					"$(inherited)",
					"@executable_path/Frameworks",
					"@executable_path/../../Frameworks",
				);
				MARKETING_VERSION = 2.0;
				PRODUCT_BUNDLE_IDENTIFIER = matthedm.ChineseWordOfTheDay.WordOfTheDayWidget;
				PRODUCT_NAME = "$(TARGET_NAME)";
				SKIP_INSTALL = YES;
				SWIFT_EMIT_LOC_STRINGS = YES;
				SWIFT_VERSION = 5.0;
				TARGETED_DEVICE_FAMILY = "1,2";
			};
			name = Debug;
		};
		0C15E8762C8BDA6500D7B51B /* Release */ = {
			isa = XCBuildConfiguration;
			buildSettings = {
				ASSETCATALOG_COMPILER_GLOBAL_ACCENT_COLOR_NAME = AccentColor;
				ASSETCATALOG_COMPILER_WIDGET_BACKGROUND_COLOR_NAME = WidgetBackground;
				CODE_SIGN_ENTITLEMENTS = WordOfTheDayWidgetExtension.entitlements;
				CODE_SIGN_STYLE = Automatic;
				CURRENT_PROJECT_VERSION = 1;
				GENERATE_INFOPLIST_FILE = YES;
				INFOPLIST_FILE = WordOfTheDayWidget/Info.plist;
				INFOPLIST_KEY_CFBundleDisplayName = WordOfTheDayWidget;
				INFOPLIST_KEY_NSHumanReadableCopyright = "";
				IPHONEOS_DEPLOYMENT_TARGET = 15.0;
				LD_RUNPATH_SEARCH_PATHS = (
					"$(inherited)",
					"@executable_path/Frameworks",
					"@executable_path/../../Frameworks",
				);
				MARKETING_VERSION = 2.0;
				PRODUCT_BUNDLE_IDENTIFIER = matthedm.ChineseWordOfTheDay.WordOfTheDayWidget;
				PRODUCT_NAME = "$(TARGET_NAME)";
				SKIP_INSTALL = YES;
				SWIFT_EMIT_LOC_STRINGS = YES;
				SWIFT_VERSION = 5.0;
				TARGETED_DEVICE_FAMILY = "1,2";
			};
			name = Release;
		};
		0C1D670D2A5DC21500EAAD30 /* Debug */ = {
			isa = XCBuildConfiguration;
			buildSettings = {
				ALWAYS_SEARCH_USER_PATHS = NO;
				ASSETCATALOG_COMPILER_GENERATE_SWIFT_ASSET_SYMBOL_EXTENSIONS = YES;
				CLANG_ANALYZER_NONNULL = YES;
				CLANG_ANALYZER_NUMBER_OBJECT_CONVERSION = YES_AGGRESSIVE;
				CLANG_CXX_LANGUAGE_STANDARD = "gnu++20";
				CLANG_ENABLE_MODULES = YES;
				CLANG_ENABLE_OBJC_ARC = YES;
				CLANG_ENABLE_OBJC_WEAK = YES;
				CLANG_WARN_BLOCK_CAPTURE_AUTORELEASING = YES;
				CLANG_WARN_BOOL_CONVERSION = YES;
				CLANG_WARN_COMMA = YES;
				CLANG_WARN_CONSTANT_CONVERSION = YES;
				CLANG_WARN_DEPRECATED_OBJC_IMPLEMENTATIONS = YES;
				CLANG_WARN_DIRECT_OBJC_ISA_USAGE = YES_ERROR;
				CLANG_WARN_DOCUMENTATION_COMMENTS = YES;
				CLANG_WARN_EMPTY_BODY = YES;
				CLANG_WARN_ENUM_CONVERSION = YES;
				CLANG_WARN_INFINITE_RECURSION = YES;
				CLANG_WARN_INT_CONVERSION = YES;
				CLANG_WARN_NON_LITERAL_NULL_CONVERSION = YES;
				CLANG_WARN_OBJC_IMPLICIT_RETAIN_SELF = YES;
				CLANG_WARN_OBJC_LITERAL_CONVERSION = YES;
				CLANG_WARN_OBJC_ROOT_CLASS = YES_ERROR;
				CLANG_WARN_QUOTED_INCLUDE_IN_FRAMEWORK_HEADER = YES;
				CLANG_WARN_RANGE_LOOP_ANALYSIS = YES;
				CLANG_WARN_STRICT_PROTOTYPES = YES;
				CLANG_WARN_SUSPICIOUS_MOVE = YES;
				CLANG_WARN_UNGUARDED_AVAILABILITY = YES_AGGRESSIVE;
				CLANG_WARN_UNREACHABLE_CODE = YES;
				CLANG_WARN__DUPLICATE_METHOD_MATCH = YES;
				COPY_PHASE_STRIP = NO;
				DEBUG_INFORMATION_FORMAT = dwarf;
				DEVELOPMENT_TEAM = SU6X47WC59;
				ENABLE_STRICT_OBJC_MSGSEND = YES;
				ENABLE_TESTABILITY = YES;
				ENABLE_USER_SCRIPT_SANDBOXING = YES;
				GCC_C_LANGUAGE_STANDARD = gnu17;
				GCC_DYNAMIC_NO_PIC = NO;
				GCC_NO_COMMON_BLOCKS = YES;
				GCC_OPTIMIZATION_LEVEL = 0;
				GCC_PREPROCESSOR_DEFINITIONS = (
					"DEBUG=1",
					"$(inherited)",
				);
				GCC_WARN_64_TO_32_BIT_CONVERSION = YES;
				GCC_WARN_ABOUT_RETURN_TYPE = YES_ERROR;
				GCC_WARN_UNDECLARED_SELECTOR = YES;
				GCC_WARN_UNINITIALIZED_AUTOS = YES_AGGRESSIVE;
				GCC_WARN_UNUSED_FUNCTION = YES;
				GCC_WARN_UNUSED_VARIABLE = YES;
				IPHONEOS_DEPLOYMENT_TARGET = 15.0;
				LOCALIZATION_PREFERS_STRING_CATALOGS = YES;
				MTL_ENABLE_DEBUG_INFO = INCLUDE_SOURCE;
				MTL_FAST_MATH = YES;
				ONLY_ACTIVE_ARCH = YES;
				SDKROOT = iphoneos;
				STRING_CATALOG_GENERATE_SYMBOLS = YES;
				SWIFT_ACTIVE_COMPILATION_CONDITIONS = "DEBUG $(inherited)";
				SWIFT_OPTIMIZATION_LEVEL = "-Onone";
			};
			name = Debug;
		};
		0C1D670E2A5DC21500EAAD30 /* Release */ = {
			isa = XCBuildConfiguration;
			buildSettings = {
				ALWAYS_SEARCH_USER_PATHS = NO;
				ASSETCATALOG_COMPILER_GENERATE_SWIFT_ASSET_SYMBOL_EXTENSIONS = YES;
				CLANG_ANALYZER_NONNULL = YES;
				CLANG_ANALYZER_NUMBER_OBJECT_CONVERSION = YES_AGGRESSIVE;
				CLANG_CXX_LANGUAGE_STANDARD = "gnu++20";
				CLANG_ENABLE_MODULES = YES;
				CLANG_ENABLE_OBJC_ARC = YES;
				CLANG_ENABLE_OBJC_WEAK = YES;
				CLANG_WARN_BLOCK_CAPTURE_AUTORELEASING = YES;
				CLANG_WARN_BOOL_CONVERSION = YES;
				CLANG_WARN_COMMA = YES;
				CLANG_WARN_CONSTANT_CONVERSION = YES;
				CLANG_WARN_DEPRECATED_OBJC_IMPLEMENTATIONS = YES;
				CLANG_WARN_DIRECT_OBJC_ISA_USAGE = YES_ERROR;
				CLANG_WARN_DOCUMENTATION_COMMENTS = YES;
				CLANG_WARN_EMPTY_BODY = YES;
				CLANG_WARN_ENUM_CONVERSION = YES;
				CLANG_WARN_INFINITE_RECURSION = YES;
				CLANG_WARN_INT_CONVERSION = YES;
				CLANG_WARN_NON_LITERAL_NULL_CONVERSION = YES;
				CLANG_WARN_OBJC_IMPLICIT_RETAIN_SELF = YES;
				CLANG_WARN_OBJC_LITERAL_CONVERSION = YES;
				CLANG_WARN_OBJC_ROOT_CLASS = YES_ERROR;
				CLANG_WARN_QUOTED_INCLUDE_IN_FRAMEWORK_HEADER = YES;
				CLANG_WARN_RANGE_LOOP_ANALYSIS = YES;
				CLANG_WARN_STRICT_PROTOTYPES = YES;
				CLANG_WARN_SUSPICIOUS_MOVE = YES;
				CLANG_WARN_UNGUARDED_AVAILABILITY = YES_AGGRESSIVE;
				CLANG_WARN_UNREACHABLE_CODE = YES;
				CLANG_WARN__DUPLICATE_METHOD_MATCH = YES;
				COPY_PHASE_STRIP = NO;
				DEBUG_INFORMATION_FORMAT = "dwarf-with-dsym";
				DEVELOPMENT_TEAM = SU6X47WC59;
				ENABLE_NS_ASSERTIONS = NO;
				ENABLE_STRICT_OBJC_MSGSEND = YES;
				ENABLE_USER_SCRIPT_SANDBOXING = YES;
				GCC_C_LANGUAGE_STANDARD = gnu17;
				GCC_NO_COMMON_BLOCKS = YES;
				GCC_WARN_64_TO_32_BIT_CONVERSION = YES;
				GCC_WARN_ABOUT_RETURN_TYPE = YES_ERROR;
				GCC_WARN_UNDECLARED_SELECTOR = YES;
				GCC_WARN_UNINITIALIZED_AUTOS = YES_AGGRESSIVE;
				GCC_WARN_UNUSED_FUNCTION = YES;
				GCC_WARN_UNUSED_VARIABLE = YES;
				IPHONEOS_DEPLOYMENT_TARGET = 15.0;
				LOCALIZATION_PREFERS_STRING_CATALOGS = YES;
				MTL_ENABLE_DEBUG_INFO = NO;
				MTL_FAST_MATH = YES;
				SDKROOT = iphoneos;
				STRING_CATALOG_GENERATE_SYMBOLS = YES;
				SWIFT_COMPILATION_MODE = wholemodule;
				VALIDATE_PRODUCT = YES;
			};
			name = Release;
		};
		0C1D67102A5DC21500EAAD30 /* Debug */ = {
			isa = XCBuildConfiguration;
			buildSettings = {
				ASSETCATALOG_COMPILER_APPICON_NAME = AppIcon;
				ASSETCATALOG_COMPILER_GLOBAL_ACCENT_COLOR_NAME = AccentColor;
				CODE_SIGN_ENTITLEMENTS = ChineseWordOfTheDay/ChineseWordOfTheDay.entitlements;
				CODE_SIGN_STYLE = Automatic;
				CURRENT_PROJECT_VERSION = 1;
				DEVELOPMENT_ASSET_PATHS = "\"ChineseWordOfTheDay/Preview Content\"";
				ENABLE_PREVIEWS = YES;
				GENERATE_INFOPLIST_FILE = YES;
				INFOPLIST_FILE = ChineseWordOfTheDay/Info.plist;
				INFOPLIST_KEY_CFBundleDisplayName = Waabl;
				INFOPLIST_KEY_LSApplicationCategoryType = "public.app-category.education";
				INFOPLIST_KEY_UIApplicationSceneManifest_Generation = YES;
				INFOPLIST_KEY_UIApplicationSupportsIndirectInputEvents = YES;
				INFOPLIST_KEY_UILaunchScreen_Generation = YES;
				INFOPLIST_KEY_UISupportedInterfaceOrientations_iPad = "UIInterfaceOrientationPortrait UIInterfaceOrientationPortraitUpsideDown UIInterfaceOrientationLandscapeLeft UIInterfaceOrientationLandscapeRight";
				INFOPLIST_KEY_UISupportedInterfaceOrientations_iPhone = "UIInterfaceOrientationPortrait UIInterfaceOrientationLandscapeLeft UIInterfaceOrientationLandscapeRight";
				IPHONEOS_DEPLOYMENT_TARGET = 15.0;
				LD_RUNPATH_SEARCH_PATHS = (
					"$(inherited)",
					"@executable_path/Frameworks",
				);
				MARKETING_VERSION = 2.0;
				PRODUCT_BUNDLE_IDENTIFIER = matthedm.ChineseWordOfTheDay;
				PRODUCT_NAME = "$(TARGET_NAME)";
				SWIFT_EMIT_LOC_STRINGS = YES;
				SWIFT_VERSION = 5.0;
				TARGETED_DEVICE_FAMILY = "1,2";
			};
			name = Debug;
		};
		0C1D67112A5DC21500EAAD30 /* Release */ = {
			isa = XCBuildConfiguration;
			buildSettings = {
				ASSETCATALOG_COMPILER_APPICON_NAME = AppIcon;
				ASSETCATALOG_COMPILER_GLOBAL_ACCENT_COLOR_NAME = AccentColor;
				CODE_SIGN_ENTITLEMENTS = ChineseWordOfTheDay/ChineseWordOfTheDay.entitlements;
				CODE_SIGN_STYLE = Automatic;
				CURRENT_PROJECT_VERSION = 1;
				DEVELOPMENT_ASSET_PATHS = "\"ChineseWordOfTheDay/Preview Content\"";
				ENABLE_PREVIEWS = YES;
				GENERATE_INFOPLIST_FILE = YES;
				INFOPLIST_FILE = ChineseWordOfTheDay/Info.plist;
				INFOPLIST_KEY_CFBundleDisplayName = Waabl;
				INFOPLIST_KEY_LSApplicationCategoryType = "public.app-category.education";
				INFOPLIST_KEY_UIApplicationSceneManifest_Generation = YES;
				INFOPLIST_KEY_UIApplicationSupportsIndirectInputEvents = YES;
				INFOPLIST_KEY_UILaunchScreen_Generation = YES;
				INFOPLIST_KEY_UISupportedInterfaceOrientations_iPad = "UIInterfaceOrientationPortrait UIInterfaceOrientationPortraitUpsideDown UIInterfaceOrientationLandscapeLeft UIInterfaceOrientationLandscapeRight";
				INFOPLIST_KEY_UISupportedInterfaceOrientations_iPhone = "UIInterfaceOrientationPortrait UIInterfaceOrientationLandscapeLeft UIInterfaceOrientationLandscapeRight";
				IPHONEOS_DEPLOYMENT_TARGET = 15.0;
				LD_RUNPATH_SEARCH_PATHS = (
					"$(inherited)",
					"@executable_path/Frameworks",
				);
				MARKETING_VERSION = 2.0;
				PRODUCT_BUNDLE_IDENTIFIER = matthedm.ChineseWordOfTheDay;
				PRODUCT_NAME = "$(TARGET_NAME)";
				SWIFT_EMIT_LOC_STRINGS = YES;
				SWIFT_VERSION = 5.0;
				TARGETED_DEVICE_FAMILY = "1,2";
			};
			name = Release;
		};
		0C7462082EECA4F200475537 /* Debug */ = {
			isa = XCBuildConfiguration;
			buildSettings = {
				BUNDLE_LOADER = "$(TEST_HOST)";
				CODE_SIGN_STYLE = Automatic;
				CURRENT_PROJECT_VERSION = 1;
				DEVELOPMENT_TEAM = SU6X47WC59;
				GENERATE_INFOPLIST_FILE = YES;
				IPHONEOS_DEPLOYMENT_TARGET = 15.6;
				MARKETING_VERSION = 1.0;
				PRODUCT_BUNDLE_IDENTIFIER = matthedm.ChineseWordOfTheDayTests;
				PRODUCT_NAME = "$(TARGET_NAME)";
				STRING_CATALOG_GENERATE_SYMBOLS = NO;
				SWIFT_APPROACHABLE_CONCURRENCY = YES;
				SWIFT_EMIT_LOC_STRINGS = NO;
				SWIFT_UPCOMING_FEATURE_MEMBER_IMPORT_VISIBILITY = YES;
				SWIFT_VERSION = 5.0;
				TARGETED_DEVICE_FAMILY = "1,2";
				TEST_HOST = "$(BUILT_PRODUCTS_DIR)/ChineseWordOfTheDay.app/$(BUNDLE_EXECUTABLE_FOLDER_PATH)/ChineseWordOfTheDay";
			};
			name = Debug;
		};
		0C7462092EECA4F200475537 /* Release */ = {
			isa = XCBuildConfiguration;
			buildSettings = {
				BUNDLE_LOADER = "$(TEST_HOST)";
				CODE_SIGN_STYLE = Automatic;
				CURRENT_PROJECT_VERSION = 1;
				DEVELOPMENT_TEAM = SU6X47WC59;
				GENERATE_INFOPLIST_FILE = YES;
				IPHONEOS_DEPLOYMENT_TARGET = 15.6;
				MARKETING_VERSION = 1.0;
				PRODUCT_BUNDLE_IDENTIFIER = matthedm.ChineseWordOfTheDayTests;
				PRODUCT_NAME = "$(TARGET_NAME)";
				STRING_CATALOG_GENERATE_SYMBOLS = NO;
				SWIFT_APPROACHABLE_CONCURRENCY = YES;
				SWIFT_EMIT_LOC_STRINGS = NO;
				SWIFT_UPCOMING_FEATURE_MEMBER_IMPORT_VISIBILITY = YES;
				SWIFT_VERSION = 5.0;
				TARGETED_DEVICE_FAMILY = "1,2";
				TEST_HOST = "$(BUILT_PRODUCTS_DIR)/ChineseWordOfTheDay.app/$(BUNDLE_EXECUTABLE_FOLDER_PATH)/ChineseWordOfTheDay";
			};
			name = Release;
		};
		0CBAF4A62D95ED8D00488D5A /* Debug */ = {
			isa = XCBuildConfiguration;
			buildSettings = {
				ALTERNATIVE_DISTRIBUTION_WEB = NO;
				BUILD_LIBRARY_FOR_DISTRIBUTION = YES;
				CLANG_ENABLE_MODULE_DEBUGGING = YES;
				CODE_SIGN_IDENTITY = "";
				CODE_SIGN_STYLE = Automatic;
				CURRENT_PROJECT_VERSION = 1;
				DEFINES_MODULE = YES;
				DYLIB_COMPATIBILITY_VERSION = 1;
				DYLIB_CURRENT_VERSION = 1;
				DYLIB_INSTALL_NAME_BASE = "@rpath";
				ENABLE_MODULE_VERIFIER = YES;
				GENERATE_INFOPLIST_FILE = YES;
				INFOPLIST_KEY_NSHumanReadableCopyright = "";
				INSTALL_PATH = "$(LOCAL_LIBRARY_DIR)/Frameworks";
				IPHONEOS_DEPLOYMENT_TARGET = 15.0;
				LD_RUNPATH_SEARCH_PATHS = (
					"$(inherited)",
					"@executable_path/Frameworks",
					"@loader_path/Frameworks",
				);
				MARKETING_VERSION = 1.0;
				MODULE_VERIFIER_SUPPORTED_LANGUAGES = "objective-c objective-c++";
				MODULE_VERIFIER_SUPPORTED_LANGUAGE_STANDARDS = "gnu17 gnu++20";
				PRODUCT_BUNDLE_IDENTIFIER = matthedm.Persistence;
				PRODUCT_NAME = "$(TARGET_NAME:c99extidentifier)";
				SKIP_INSTALL = YES;
				SWIFT_EMIT_LOC_STRINGS = YES;
				SWIFT_INSTALL_OBJC_HEADER = NO;
				SWIFT_VERSION = 5.0;
				TARGETED_DEVICE_FAMILY = "1,2";
				VERSIONING_SYSTEM = "apple-generic";
				VERSION_INFO_PREFIX = "";
			};
			name = Debug;
		};
		0CBAF4A72D95ED8D00488D5A /* Release */ = {
			isa = XCBuildConfiguration;
			buildSettings = {
				ALTERNATIVE_DISTRIBUTION_WEB = NO;
				BUILD_LIBRARY_FOR_DISTRIBUTION = YES;
				CLANG_ENABLE_MODULE_DEBUGGING = YES;
				CODE_SIGN_IDENTITY = "";
				CODE_SIGN_STYLE = Automatic;
				CURRENT_PROJECT_VERSION = 1;
				DEFINES_MODULE = YES;
				DYLIB_COMPATIBILITY_VERSION = 1;
				DYLIB_CURRENT_VERSION = 1;
				DYLIB_INSTALL_NAME_BASE = "@rpath";
				ENABLE_MODULE_VERIFIER = YES;
				GENERATE_INFOPLIST_FILE = YES;
				INFOPLIST_KEY_NSHumanReadableCopyright = "";
				INSTALL_PATH = "$(LOCAL_LIBRARY_DIR)/Frameworks";
				IPHONEOS_DEPLOYMENT_TARGET = 15.0;
				LD_RUNPATH_SEARCH_PATHS = (
					"$(inherited)",
					"@executable_path/Frameworks",
					"@loader_path/Frameworks",
				);
				MARKETING_VERSION = 1.0;
				MODULE_VERIFIER_SUPPORTED_LANGUAGES = "objective-c objective-c++";
				MODULE_VERIFIER_SUPPORTED_LANGUAGE_STANDARDS = "gnu17 gnu++20";
				PRODUCT_BUNDLE_IDENTIFIER = matthedm.Persistence;
				PRODUCT_NAME = "$(TARGET_NAME:c99extidentifier)";
				SKIP_INSTALL = YES;
				SWIFT_EMIT_LOC_STRINGS = YES;
				SWIFT_INSTALL_OBJC_HEADER = NO;
				SWIFT_VERSION = 5.0;
				TARGETED_DEVICE_FAMILY = "1,2";
				VERSIONING_SYSTEM = "apple-generic";
				VERSION_INFO_PREFIX = "";
			};
			name = Release;
		};
		0CBF39402DA59E5100E6C867 /* Debug */ = {
			isa = XCBuildConfiguration;
			buildSettings = {
				BUILD_LIBRARY_FOR_DISTRIBUTION = YES;
				CLANG_ENABLE_MODULES = YES;
				CODE_SIGN_IDENTITY = "";
				CODE_SIGN_STYLE = Automatic;
				CURRENT_PROJECT_VERSION = 1;
				DEFINES_MODULE = YES;
				DYLIB_COMPATIBILITY_VERSION = 1;
				DYLIB_CURRENT_VERSION = 1;
				DYLIB_INSTALL_NAME_BASE = "@rpath";
				ENABLE_MODULE_VERIFIER = YES;
				GENERATE_INFOPLIST_FILE = YES;
				INFOPLIST_KEY_NSHumanReadableCopyright = "";
				INSTALL_PATH = "$(LOCAL_LIBRARY_DIR)/Frameworks";
				IPHONEOS_DEPLOYMENT_TARGET = 15.0;
				LD_RUNPATH_SEARCH_PATHS = (
					"$(inherited)",
					"@executable_path/Frameworks",
					"@loader_path/Frameworks",
				);
				MARKETING_VERSION = 1.0;
				MODULE_VERIFIER_SUPPORTED_LANGUAGES = "objective-c objective-c++";
				MODULE_VERIFIER_SUPPORTED_LANGUAGE_STANDARDS = "gnu17 gnu++20";
				PRODUCT_BUNDLE_IDENTIFIER = matthedm.CoreDataModels;
				PRODUCT_NAME = "$(TARGET_NAME:c99extidentifier)";
				SKIP_INSTALL = YES;
				SWIFT_EMIT_LOC_STRINGS = YES;
				SWIFT_INSTALL_OBJC_HEADER = NO;
				SWIFT_OPTIMIZATION_LEVEL = "-Onone";
				SWIFT_VERSION = 5.0;
				TARGETED_DEVICE_FAMILY = "1,2";
				VERSIONING_SYSTEM = "apple-generic";
				VERSION_INFO_PREFIX = "";
			};
			name = Debug;
		};
		0CBF39412DA59E5100E6C867 /* Release */ = {
			isa = XCBuildConfiguration;
			buildSettings = {
				BUILD_LIBRARY_FOR_DISTRIBUTION = YES;
				CLANG_ENABLE_MODULES = YES;
				CODE_SIGN_IDENTITY = "";
				CODE_SIGN_STYLE = Automatic;
				CURRENT_PROJECT_VERSION = 1;
				DEFINES_MODULE = YES;
				DYLIB_COMPATIBILITY_VERSION = 1;
				DYLIB_CURRENT_VERSION = 1;
				DYLIB_INSTALL_NAME_BASE = "@rpath";
				ENABLE_MODULE_VERIFIER = YES;
				GENERATE_INFOPLIST_FILE = YES;
				INFOPLIST_KEY_NSHumanReadableCopyright = "";
				INSTALL_PATH = "$(LOCAL_LIBRARY_DIR)/Frameworks";
				IPHONEOS_DEPLOYMENT_TARGET = 15.0;
				LD_RUNPATH_SEARCH_PATHS = (
					"$(inherited)",
					"@executable_path/Frameworks",
					"@loader_path/Frameworks",
				);
				MARKETING_VERSION = 1.0;
				MODULE_VERIFIER_SUPPORTED_LANGUAGES = "objective-c objective-c++";
				MODULE_VERIFIER_SUPPORTED_LANGUAGE_STANDARDS = "gnu17 gnu++20";
				PRODUCT_BUNDLE_IDENTIFIER = matthedm.CoreDataModels;
				PRODUCT_NAME = "$(TARGET_NAME:c99extidentifier)";
				SKIP_INSTALL = YES;
				SWIFT_EMIT_LOC_STRINGS = YES;
				SWIFT_INSTALL_OBJC_HEADER = NO;
				SWIFT_VERSION = 5.0;
				TARGETED_DEVICE_FAMILY = "1,2";
				VERSIONING_SYSTEM = "apple-generic";
				VERSION_INFO_PREFIX = "";
			};
			name = Release;
		};
/* End XCBuildConfiguration section */

/* Begin XCConfigurationList section */
		0C15E8772C8BDA6500D7B51B /* Build configuration list for PBXNativeTarget "WordOfTheDayWidgetExtension" */ = {
			isa = XCConfigurationList;
			buildConfigurations = (
				0C15E8752C8BDA6500D7B51B /* Debug */,
				0C15E8762C8BDA6500D7B51B /* Release */,
			);
			defaultConfigurationIsVisible = 0;
			defaultConfigurationName = Release;
		};
		0C1D66FC2A5DC21300EAAD30 /* Build configuration list for PBXProject "ChineseWordOfTheDay" */ = {
			isa = XCConfigurationList;
			buildConfigurations = (
				0C1D670D2A5DC21500EAAD30 /* Debug */,
				0C1D670E2A5DC21500EAAD30 /* Release */,
			);
			defaultConfigurationIsVisible = 0;
			defaultConfigurationName = Release;
		};
		0C1D670F2A5DC21500EAAD30 /* Build configuration list for PBXNativeTarget "ChineseWordOfTheDay" */ = {
			isa = XCConfigurationList;
			buildConfigurations = (
				0C1D67102A5DC21500EAAD30 /* Debug */,
				0C1D67112A5DC21500EAAD30 /* Release */,
			);
			defaultConfigurationIsVisible = 0;
			defaultConfigurationName = Release;
		};
		0C7462072EECA4F200475537 /* Build configuration list for PBXNativeTarget "ChineseWordOfTheDayTests" */ = {
			isa = XCConfigurationList;
			buildConfigurations = (
				0C7462082EECA4F200475537 /* Debug */,
				0C7462092EECA4F200475537 /* Release */,
			);
			defaultConfigurationIsVisible = 0;
			defaultConfigurationName = Release;
		};
		0CBAF4A52D95ED8D00488D5A /* Build configuration list for PBXNativeTarget "Persistence" */ = {
			isa = XCConfigurationList;
			buildConfigurations = (
				0CBAF4A62D95ED8D00488D5A /* Debug */,
				0CBAF4A72D95ED8D00488D5A /* Release */,
			);
			defaultConfigurationIsVisible = 0;
			defaultConfigurationName = Release;
		};
		0CBF393F2DA59E5100E6C867 /* Build configuration list for PBXNativeTarget "CoreDataModels" */ = {
			isa = XCConfigurationList;
			buildConfigurations = (
				0CBF39402DA59E5100E6C867 /* Debug */,
				0CBF39412DA59E5100E6C867 /* Release */,
			);
			defaultConfigurationIsVisible = 0;
			defaultConfigurationName = Release;
		};
/* End XCConfigurationList section */

/* Begin XCLocalSwiftPackageReference section */
		0C7850DE2D8CB0CF00741F38 /* XCLocalSwiftPackageReference "Packages/WordBuilder" */ = {
			isa = XCLocalSwiftPackageReference;
			relativePath = Packages/WordBuilder;
		};
		0C7850E02D8CB10F00741F38 /* XCLocalSwiftPackageReference "Packages/MYPersistence" */ = {
			isa = XCLocalSwiftPackageReference;
			relativePath = Packages/MYPersistence;
		};
/* End XCLocalSwiftPackageReference section */
	};
	rootObject = 0C1D66F92A5DC21300EAAD30 /* Project object */;
}
